// !$*UTF8*$!
{
	archiveVersion = 1;
	classes = {
	};
	objectVersion = 46;
	objects = {

/* Begin PBXBuildFile section */
		00E356F31AD99517003FC87E /* ComboTests.m in Sources */ = {isa = PBXBuildFile; fileRef = 00E356F21AD99517003FC87E /* ComboTests.m */; };
		77821596248E0AAB00AF3F2F /* logo-horizontal@3x.png in Resources */ = {isa = PBXBuildFile; fileRef = 77821594248E0AAB00AF3F2F /* logo-horizontal@3x.png */; };
		77821597248E0AAB00AF3F2F /* logo-horizontal@2x.png in Resources */ = {isa = PBXBuildFile; fileRef = 77821595248E0AAB00AF3F2F /* logo-horizontal@2x.png */; };
		77A60D1A2318BB5100D48BEF /* SystemConfiguration.framework in Frameworks */ = {isa = PBXBuildFile; fileRef = 77A60D192318BB5100D48BEF /* SystemConfiguration.framework */; };
		77A60D1C2318BB6700D48BEF /* libsqlite3.0.tbd in Frameworks */ = {isa = PBXBuildFile; fileRef = 77A60D1B2318BB6700D48BEF /* libsqlite3.0.tbd */; };
		A3F144A730A9F8759D3F1703 /* libPods-Combo.a in Frameworks */ = {isa = PBXBuildFile; fileRef = CC8FE12D20804EDE00413559 /* libPods-Combo.a */; };
		AEF1A24D380BFD453786DA81 /* libPods-Combo.a in Frameworks */ = {isa = PBXBuildFile; fileRef = 80C22219815181E16F163146 /* libPods-Combo.a */; };
		CC09E6AF2120566300327D96 /* CoreGraphics.framework in Frameworks */ = {isa = PBXBuildFile; fileRef = CC09E6AE2120566300327D96 /* CoreGraphics.framework */; };
		CC09E6B12120567600327D96 /* CFNetwork.framework in Frameworks */ = {isa = PBXBuildFile; fileRef = CC09E6B02120567600327D96 /* CFNetwork.framework */; };
		CC09E6B32120568500327D96 /* CoreMotion.framework in Frameworks */ = {isa = PBXBuildFile; fileRef = CC09E6B22120568500327D96 /* CoreMotion.framework */; };
		CC09E6B52120569A00327D96 /* CoreText.framework in Frameworks */ = {isa = PBXBuildFile; fileRef = CC09E6B42120569A00327D96 /* CoreText.framework */; };
		CC09E6B7212056AC00327D96 /* QuartzCore.framework in Frameworks */ = {isa = PBXBuildFile; fileRef = CC09E6B6212056AC00327D96 /* QuartzCore.framework */; };
		CC622AAA228561C1004240FE /* JavaScriptCore.framework in Frameworks */ = {isa = PBXBuildFile; fileRef = CC622A57228561C1004240FE /* JavaScriptCore.framework */; };
		CCA7156F2019C9DA00A25FB9 /* AppDelegate.m in Sources */ = {isa = PBXBuildFile; fileRef = 13B07FB01A68108700A75B9A /* AppDelegate.m */; };
		CCA715702019C9DA00A25FB9 /* main.m in Sources */ = {isa = PBXBuildFile; fileRef = 13B07FB71A68108700A75B9A /* main.m */; };
		CCA715712019C9DA00A25FB9 /* AppearanceConfig.m in Sources */ = {isa = PBXBuildFile; fileRef = CCFBC84D1FEA7B2200DA269C /* AppearanceConfig.m */; };
		CCA715742019C9DA00A25FB9 /* TencentOpenAPI.framework in Frameworks */ = {isa = PBXBuildFile; fileRef = CC3E39B31E2624580019B85F /* TencentOpenAPI.framework */; };
		CCA715752019C9DA00A25FB9 /* libz.tbd in Frameworks */ = {isa = PBXBuildFile; fileRef = CC3E39A91E2622690019B85F /* libz.tbd */; };
		CCA715762019C9DA00A25FB9 /* libc++.tbd in Frameworks */ = {isa = PBXBuildFile; fileRef = CC3E39AB1E2622730019B85F /* libc++.tbd */; };
		CCA715782019C9DA00A25FB9 /* CoreTelephony.framework in Frameworks */ = {isa = PBXBuildFile; fileRef = CC3E39AF1E2623400019B85F /* CoreTelephony.framework */; };
		CCA7157A2019C9DA00A25FB9 /* libsqlite3.tbd in Frameworks */ = {isa = PBXBuildFile; fileRef = CC3E39A71E2622610019B85F /* libsqlite3.tbd */; };
		CCA7157B2019C9DA00A25FB9 /* libiconv.tbd in Frameworks */ = {isa = PBXBuildFile; fileRef = CC3E39A51E2622570019B85F /* libiconv.tbd */; };
		CCA715922019C9DA00A25FB9 /* Images.xcassets in Resources */ = {isa = PBXBuildFile; fileRef = 13B07FB51A68108700A75B9A /* Images.xcassets */; };
		CCA715932019C9DA00A25FB9 /* InfoPlist.strings in Resources */ = {isa = PBXBuildFile; fileRef = CCFBC8061FEA79D000DA269C /* InfoPlist.strings */; };
		CCA715942019C9DA00A25FB9 /* LaunchScreen.xib in Resources */ = {isa = PBXBuildFile; fileRef = 13B07FB11A68108700A75B9A /* LaunchScreen.xib */; };
		CCA7159D2019C9DA00A25FB9 /* tip.mp3 in Resources */ = {isa = PBXBuildFile; fileRef = CC01F7D21FD6827C00A18EFD /* tip.mp3 */; };
		CCB9FFCD21A40303005BD7C5 /* RNAppUtil.m in Sources */ = {isa = PBXBuildFile; fileRef = CCB9FFCB21A40303005BD7C5 /* RNAppUtil.m */; };
		CCCE41892064A0F000F282E3 /* AppDelegate.m in Sources */ = {isa = PBXBuildFile; fileRef = 13B07FB01A68108700A75B9A /* AppDelegate.m */; };
		CCCE418A2064A0F000F282E3 /* main.m in Sources */ = {isa = PBXBuildFile; fileRef = 13B07FB71A68108700A75B9A /* main.m */; };
		CCCE418B2064A0F000F282E3 /* AppearanceConfig.m in Sources */ = {isa = PBXBuildFile; fileRef = CCFBC84D1FEA7B2200DA269C /* AppearanceConfig.m */; };
		CCCE41912064A0F000F282E3 /* libz.tbd in Frameworks */ = {isa = PBXBuildFile; fileRef = CC3E39A91E2622690019B85F /* libz.tbd */; };
		CCCE41922064A0F000F282E3 /* libc++.tbd in Frameworks */ = {isa = PBXBuildFile; fileRef = CC3E39AB1E2622730019B85F /* libc++.tbd */; };
		CCCE41942064A0F000F282E3 /* CoreTelephony.framework in Frameworks */ = {isa = PBXBuildFile; fileRef = CC3E39AF1E2623400019B85F /* CoreTelephony.framework */; };
		CCCE41962064A0F000F282E3 /* libsqlite3.tbd in Frameworks */ = {isa = PBXBuildFile; fileRef = CC3E39A71E2622610019B85F /* libsqlite3.tbd */; };
		CCCE41972064A0F000F282E3 /* libiconv.tbd in Frameworks */ = {isa = PBXBuildFile; fileRef = CC3E39A51E2622570019B85F /* libiconv.tbd */; };
		CCCE41AE2064A0F000F282E3 /* Images.xcassets in Resources */ = {isa = PBXBuildFile; fileRef = 13B07FB51A68108700A75B9A /* Images.xcassets */; };
		CCCE41AF2064A0F000F282E3 /* InfoPlist.strings in Resources */ = {isa = PBXBuildFile; fileRef = CCFBC8061FEA79D000DA269C /* InfoPlist.strings */; };
		CCCE41B02064A0F000F282E3 /* LaunchScreen.xib in Resources */ = {isa = PBXBuildFile; fileRef = 13B07FB11A68108700A75B9A /* LaunchScreen.xib */; };
		CCCE41B92064A0F000F282E3 /* tip.mp3 in Resources */ = {isa = PBXBuildFile; fileRef = CC01F7D21FD6827C00A18EFD /* tip.mp3 */; };
/* End PBXBuildFile section */

/* Begin PBXContainerItemProxy section */
		CCCE422A2064A30A00F282E3 /* PBXContainerItemProxy */ = {
			isa = PBXContainerItemProxy;
			containerPortal = 83CBB9F71A601CBA00E9B192 /* Project object */;
			proxyType = 1;
			remoteGlobalIDString = CCCE41862064A0F000F282E3;
			remoteInfo = "ComboEp copy";
		};
/* End PBXContainerItemProxy section */

/* Begin PBXCopyFilesBuildPhase section */
		DC3AFC021B320CCE97E9EEF3 /* Embed App Extensions */ = {
			isa = PBXCopyFilesBuildPhase;
			buildActionMask = 2147483647;
			dstPath = "";
			dstSubfolderSpec = 13;
			files = (
			);
			name = "Embed App Extensions";
			runOnlyForDeploymentPostprocessing = 0;
		};
/* End PBXCopyFilesBuildPhase section */

/* Begin PBXFileReference section */
		008F07F21AC5B25A0029DE68 /* main.jsbundle */ = {isa = PBXFileReference; fileEncoding = 4; lastKnownFileType = text; path = main.jsbundle; sourceTree = "<group>"; };
		00E356EE1AD99517003FC87E /* ComboTests.xctest */ = {isa = PBXFileReference; explicitFileType = wrapper.cfbundle; includeInIndex = 0; path = ComboTests.xctest; sourceTree = BUILT_PRODUCTS_DIR; };
		00E356F11AD99517003FC87E /* Info.plist */ = {isa = PBXFileReference; lastKnownFileType = text.plist.xml; path = Info.plist; sourceTree = "<group>"; };
		00E356F21AD99517003FC87E /* ComboTests.m */ = {isa = PBXFileReference; lastKnownFileType = sourcecode.c.objc; path = ComboTests.m; sourceTree = "<group>"; };
		03425A176E554E0CA0F9D1AB /* libRNImagePicker.a */ = {isa = PBXFileReference; explicitFileType = undefined; fileEncoding = 9; includeInIndex = 0; lastKnownFileType = archive.ar; path = libRNImagePicker.a; sourceTree = "<group>"; };
		0DE946A314CE4BD5B8DD70B6 /* libBVLinearGradient.a */ = {isa = PBXFileReference; explicitFileType = undefined; fileEncoding = 9; includeInIndex = 0; lastKnownFileType = archive.ar; path = libBVLinearGradient.a; sourceTree = "<group>"; };
		1213E52D387B4E92BC2FBA92 /* libRCTQQAPI.a */ = {isa = PBXFileReference; explicitFileType = undefined; fileEncoding = 9; includeInIndex = 0; lastKnownFileType = archive.ar; path = libRCTQQAPI.a; sourceTree = "<group>"; };
		13B07FAF1A68108700A75B9A /* AppDelegate.h */ = {isa = PBXFileReference; fileEncoding = 4; lastKnownFileType = sourcecode.c.h; name = AppDelegate.h; path = Combo/AppDelegate.h; sourceTree = "<group>"; };
		13B07FB01A68108700A75B9A /* AppDelegate.m */ = {isa = PBXFileReference; fileEncoding = 4; lastKnownFileType = sourcecode.c.objc; name = AppDelegate.m; path = Combo/AppDelegate.m; sourceTree = "<group>"; };
		13B07FB21A68108700A75B9A /* Base */ = {isa = PBXFileReference; lastKnownFileType = file.xib; name = Base; path = Base.lproj/LaunchScreen.xib; sourceTree = "<group>"; };
		13B07FB51A68108700A75B9A /* Images.xcassets */ = {isa = PBXFileReference; lastKnownFileType = folder.assetcatalog; name = Images.xcassets; path = Combo/Images.xcassets; sourceTree = "<group>"; };
		13B07FB61A68108700A75B9A /* Info.plist */ = {isa = PBXFileReference; fileEncoding = 4; lastKnownFileType = text.plist.xml; name = Info.plist; path = Combo/Info.plist; sourceTree = "<group>"; };
		13B07FB71A68108700A75B9A /* main.m */ = {isa = PBXFileReference; fileEncoding = 4; lastKnownFileType = sourcecode.c.objc; name = main.m; path = Combo/main.m; sourceTree = "<group>"; };
		170D291B78714F1B8CCED218 /* libAutoGrowTextInput.a */ = {isa = PBXFileReference; explicitFileType = undefined; fileEncoding = 9; includeInIndex = 0; lastKnownFileType = archive.ar; path = libAutoGrowTextInput.a; sourceTree = "<group>"; };
		1770132A42DF4BA8AA918694 /* libKeyboardTrackingView.a */ = {isa = PBXFileReference; explicitFileType = undefined; fileEncoding = 9; includeInIndex = 0; lastKnownFileType = archive.ar; path = libKeyboardTrackingView.a; sourceTree = "<group>"; };
		1885572350E87AB4C4FD7AC4 /* Pods-Combo.staging.xcconfig */ = {isa = PBXFileReference; includeInIndex = 1; lastKnownFileType = text.xcconfig; name = "Pods-Combo.staging.xcconfig"; path = "Pods/Target Support Files/Pods-Combo/Pods-Combo.staging.xcconfig"; sourceTree = "<group>"; };
		2C9F3BAC5C429BBF1691A487 /* Pods-Combo.release.xcconfig */ = {isa = PBXFileReference; includeInIndex = 1; lastKnownFileType = text.xcconfig; name = "Pods-Combo.release.xcconfig"; path = "Pods/Target Support Files/Pods-Combo/Pods-Combo.release.xcconfig"; sourceTree = "<group>"; };
		2CF171FD312C41BEA3A10D16 /* libRNUpdateApp.a */ = {isa = PBXFileReference; explicitFileType = undefined; fileEncoding = 9; includeInIndex = 0; lastKnownFileType = archive.ar; path = libRNUpdateApp.a; sourceTree = "<group>"; };
		3315F86FD8B84EA9BEBA9274 /* libReactNativeExceptionHandler.a */ = {isa = PBXFileReference; explicitFileType = undefined; fileEncoding = 9; includeInIndex = 0; lastKnownFileType = archive.ar; path = libReactNativeExceptionHandler.a; sourceTree = "<group>"; };
		3F569424914A47BD869B82DB /* libCodePush.a */ = {isa = PBXFileReference; explicitFileType = undefined; fileEncoding = 9; includeInIndex = 0; lastKnownFileType = archive.ar; path = libCodePush.a; sourceTree = "<group>"; };
		499ED42862704E9EA54A79B8 /* libRNGestureHandler.a */ = {isa = PBXFileReference; explicitFileType = undefined; fileEncoding = 9; includeInIndex = 0; lastKnownFileType = archive.ar; path = libRNGestureHandler.a; sourceTree = "<group>"; };
		505CE15320B94E90AEC18FC8 /* libRNCViewpager.a */ = {isa = PBXFileReference; explicitFileType = undefined; fileEncoding = 9; includeInIndex = 0; lastKnownFileType = archive.ar; path = libRNCViewpager.a; sourceTree = "<group>"; };
		5483F03BFE6D403F82EE857C /* libRCTRestart.a */ = {isa = PBXFileReference; explicitFileType = undefined; fileEncoding = 9; includeInIndex = 0; lastKnownFileType = archive.ar; path = libRCTRestart.a; sourceTree = "<group>"; };
		65803600DE744D58A3F6D5A0 /* libLRDRCTSimpleToast.a */ = {isa = PBXFileReference; explicitFileType = undefined; fileEncoding = 9; includeInIndex = 0; lastKnownFileType = archive.ar; path = libLRDRCTSimpleToast.a; sourceTree = "<group>"; };
		6726C820089B4C888439340C /* libRNFS.a */ = {isa = PBXFileReference; explicitFileType = undefined; fileEncoding = 9; includeInIndex = 0; lastKnownFileType = archive.ar; path = libRNFS.a; sourceTree = "<group>"; };
		69E7D30C48234DA5890EFBF9 /* libRNCNetInfo.a */ = {isa = PBXFileReference; explicitFileType = undefined; fileEncoding = 9; includeInIndex = 0; lastKnownFileType = archive.ar; path = libRNCNetInfo.a; sourceTree = "<group>"; };
		6C421093BF46426F94553282 /* libRNVectorIcons.a */ = {isa = PBXFileReference; explicitFileType = undefined; fileEncoding = 9; includeInIndex = 0; lastKnownFileType = archive.ar; path = libRNVectorIcons.a; sourceTree = "<group>"; };
		77821594248E0AAB00AF3F2F /* logo-horizontal@3x.png */ = {isa = PBXFileReference; lastKnownFileType = image.png; path = "logo-horizontal@3x.png"; sourceTree = "<group>"; };
		77821595248E0AAB00AF3F2F /* logo-horizontal@2x.png */ = {isa = PBXFileReference; lastKnownFileType = image.png; path = "logo-horizontal@2x.png"; sourceTree = "<group>"; };
		77A60D172318B47000D48BEF /* XCTest.framework */ = {isa = PBXFileReference; lastKnownFileType = wrapper.framework; name = XCTest.framework; path = Platforms/iPhoneOS.platform/Developer/Library/Frameworks/XCTest.framework; sourceTree = DEVELOPER_DIR; };
		77A60D192318BB5100D48BEF /* SystemConfiguration.framework */ = {isa = PBXFileReference; lastKnownFileType = wrapper.framework; name = SystemConfiguration.framework; path = System/Library/Frameworks/SystemConfiguration.framework; sourceTree = SDKROOT; };
		77A60D1B2318BB6700D48BEF /* libsqlite3.0.tbd */ = {isa = PBXFileReference; lastKnownFileType = "sourcecode.text-based-dylib-definition"; name = libsqlite3.0.tbd; path = usr/lib/libsqlite3.0.tbd; sourceTree = SDKROOT; };
		7BA8997293374A3AA7C33A33 /* libRNBlur.a */ = {isa = PBXFileReference; explicitFileType = undefined; fileEncoding = 9; includeInIndex = 0; lastKnownFileType = archive.ar; path = libRNBlur.a; sourceTree = "<group>"; };
		7F51F1B947D24F84BC7182B7 /* libRNCAsyncStorage.a */ = {isa = PBXFileReference; explicitFileType = undefined; fileEncoding = 9; includeInIndex = 0; lastKnownFileType = archive.ar; path = libRNCAsyncStorage.a; sourceTree = "<group>"; };
		80C22219815181E16F163146 /* libPods-Combo.a */ = {isa = PBXFileReference; explicitFileType = archive.ar; includeInIndex = 0; path = "libPods-Combo.a"; sourceTree = BUILT_PRODUCTS_DIR; };
		84F75574203C4AA595167C53 /* libRNKeychain.a */ = {isa = PBXFileReference; explicitFileType = undefined; fileEncoding = 9; includeInIndex = 0; lastKnownFileType = archive.ar; path = libRNKeychain.a; sourceTree = "<group>"; };
		858A1DA5B94F48AA98B5A47F /* libRNDeviceInfo.a */ = {isa = PBXFileReference; explicitFileType = undefined; fileEncoding = 9; includeInIndex = 0; lastKnownFileType = archive.ar; path = libRNDeviceInfo.a; sourceTree = "<group>"; };
		8C8177F759E54A2886769701 /* libRNI18n.a */ = {isa = PBXFileReference; explicitFileType = undefined; fileEncoding = 9; includeInIndex = 0; lastKnownFileType = archive.ar; path = libRNI18n.a; sourceTree = "<group>"; };
		8D5A78FFFBE64862911175F2 /* libRCTWeChat.a */ = {isa = PBXFileReference; explicitFileType = undefined; fileEncoding = 9; includeInIndex = 0; lastKnownFileType = archive.ar; path = libRCTWeChat.a; sourceTree = "<group>"; };
		92F6A1F4EE004F3B9976D7FE /* libRNRate.a */ = {isa = PBXFileReference; explicitFileType = undefined; fileEncoding = 9; includeInIndex = 0; lastKnownFileType = archive.ar; path = libRNRate.a; sourceTree = "<group>"; };
		A21A32F9B5CF4FF19A67FEE9 /* libRNScreens.a */ = {isa = PBXFileReference; explicitFileType = undefined; fileEncoding = 9; includeInIndex = 0; lastKnownFileType = archive.ar; path = libRNScreens.a; sourceTree = "<group>"; };
		B1E9DCDE33C8CFF684294C89 /* Pods-Combo.debug.xcconfig */ = {isa = PBXFileReference; includeInIndex = 1; lastKnownFileType = text.xcconfig; name = "Pods-Combo.debug.xcconfig"; path = "Pods/Target Support Files/Pods-Combo/Pods-Combo.debug.xcconfig"; sourceTree = "<group>"; };
		CB7EB1D4DEBF4314A1710F4E /* libReactNativeKeyboardManager.a */ = {isa = PBXFileReference; explicitFileType = undefined; fileEncoding = 9; includeInIndex = 0; lastKnownFileType = archive.ar; path = libReactNativeKeyboardManager.a; sourceTree = "<group>"; };
		CC01F7D21FD6827C00A18EFD /* tip.mp3 */ = {isa = PBXFileReference; lastKnownFileType = audio.mp3; path = tip.mp3; sourceTree = "<group>"; };
		CC09E6AE2120566300327D96 /* CoreGraphics.framework */ = {isa = PBXFileReference; lastKnownFileType = wrapper.framework; name = CoreGraphics.framework; path = System/Library/Frameworks/CoreGraphics.framework; sourceTree = SDKROOT; };
		CC09E6B02120567600327D96 /* CFNetwork.framework */ = {isa = PBXFileReference; lastKnownFileType = wrapper.framework; name = CFNetwork.framework; path = System/Library/Frameworks/CFNetwork.framework; sourceTree = SDKROOT; };
		CC09E6B22120568500327D96 /* CoreMotion.framework */ = {isa = PBXFileReference; lastKnownFileType = wrapper.framework; name = CoreMotion.framework; path = System/Library/Frameworks/CoreMotion.framework; sourceTree = SDKROOT; };
		CC09E6B42120569A00327D96 /* CoreText.framework */ = {isa = PBXFileReference; lastKnownFileType = wrapper.framework; name = CoreText.framework; path = System/Library/Frameworks/CoreText.framework; sourceTree = SDKROOT; };
		CC09E6B6212056AC00327D96 /* QuartzCore.framework */ = {isa = PBXFileReference; lastKnownFileType = wrapper.framework; name = QuartzCore.framework; path = System/Library/Frameworks/QuartzCore.framework; sourceTree = SDKROOT; };
		CC287C5422AE64CA00D67502 /* UMAnalytics.framework */ = {isa = PBXFileReference; lastKnownFileType = wrapper.framework; name = UMAnalytics.framework; path = "../node_modules/react-native-umeng-analytics/ios/analytics_ios_5.4.1/UMAnalytics.framework"; sourceTree = "<group>"; };
		CC287C5622AE650900D67502 /* UMCommon.framework */ = {isa = PBXFileReference; lastKnownFileType = wrapper.framework; name = UMCommon.framework; path = "../node_modules/react-native-umeng-analytics/ios/common_ios_1.4.2/normal/UMCommon.framework"; sourceTree = "<group>"; };
		CC3E39A51E2622570019B85F /* libiconv.tbd */ = {isa = PBXFileReference; lastKnownFileType = "sourcecode.text-based-dylib-definition"; name = libiconv.tbd; path = usr/lib/libiconv.tbd; sourceTree = SDKROOT; };
		CC3E39A71E2622610019B85F /* libsqlite3.tbd */ = {isa = PBXFileReference; lastKnownFileType = "sourcecode.text-based-dylib-definition"; name = libsqlite3.tbd; path = usr/lib/libsqlite3.tbd; sourceTree = SDKROOT; };
		CC3E39A91E2622690019B85F /* libz.tbd */ = {isa = PBXFileReference; lastKnownFileType = "sourcecode.text-based-dylib-definition"; name = libz.tbd; path = usr/lib/libz.tbd; sourceTree = SDKROOT; };
		CC3E39AB1E2622730019B85F /* libc++.tbd */ = {isa = PBXFileReference; lastKnownFileType = "sourcecode.text-based-dylib-definition"; name = "libc++.tbd"; path = "usr/lib/libc++.tbd"; sourceTree = SDKROOT; };
		CC3E39AF1E2623400019B85F /* CoreTelephony.framework */ = {isa = PBXFileReference; lastKnownFileType = wrapper.framework; name = CoreTelephony.framework; path = System/Library/Frameworks/CoreTelephony.framework; sourceTree = SDKROOT; };
		CC3E39B31E2624580019B85F /* TencentOpenAPI.framework */ = {isa = PBXFileReference; lastKnownFileType = wrapper.framework; name = TencentOpenAPI.framework; path = "../node_modules/react-native-qq/ios/RCTQQAPI/TencentOpenAPI.framework"; sourceTree = "<group>"; };
		CC4548E71E03FBAC00A6CE93 /* Combo.entitlements */ = {isa = PBXFileReference; lastKnownFileType = text.plist.entitlements; name = Combo.entitlements; path = Combo/Combo.entitlements; sourceTree = "<group>"; };
		CC622A57228561C1004240FE /* JavaScriptCore.framework */ = {isa = PBXFileReference; lastKnownFileType = wrapper.framework; name = JavaScriptCore.framework; path = System/Library/Frameworks/JavaScriptCore.framework; sourceTree = SDKROOT; };
		CC8FE12D20804EDE00413559 /* libPods-Combo.a */ = {isa = PBXFileReference; explicitFileType = archive.ar; path = "libPods-Combo.a"; sourceTree = BUILT_PRODUCTS_DIR; };
		CCA715A52019C9DA00A25FB9 /* ComboEp.app */ = {isa = PBXFileReference; explicitFileType = wrapper.application; includeInIndex = 0; path = ComboEp.app; sourceTree = BUILT_PRODUCTS_DIR; };
		CCB9FFCB21A40303005BD7C5 /* RNAppUtil.m */ = {isa = PBXFileReference; fileEncoding = 4; lastKnownFileType = sourcecode.c.objc; path = RNAppUtil.m; sourceTree = "<group>"; };
		CCB9FFCC21A40303005BD7C5 /* RNAppUtil.h */ = {isa = PBXFileReference; fileEncoding = 4; lastKnownFileType = sourcecode.c.h; path = RNAppUtil.h; sourceTree = "<group>"; };
		CCCE41C22064A0F000F282E3 /* Combo.app */ = {isa = PBXFileReference; explicitFileType = wrapper.application; includeInIndex = 0; path = Combo.app; sourceTree = BUILT_PRODUCTS_DIR; };
		CCFBC8051FEA79D000DA269C /* en */ = {isa = PBXFileReference; lastKnownFileType = text.plist.strings; name = en; path = en.lproj/InfoPlist.strings; sourceTree = "<group>"; };
		CCFBC8331FEA7A3700DA269C /* zh-Hans */ = {isa = PBXFileReference; lastKnownFileType = text.plist.strings; name = "zh-Hans"; path = "zh-Hans.lproj/LaunchScreen.strings"; sourceTree = "<group>"; };
		CCFBC8341FEA7A3800DA269C /* zh-Hans */ = {isa = PBXFileReference; lastKnownFileType = text.plist.strings; name = "zh-Hans"; path = "zh-Hans.lproj/InfoPlist.strings"; sourceTree = "<group>"; };
		CCFBC84C1FEA7B2200DA269C /* AppearanceConfig.h */ = {isa = PBXFileReference; fileEncoding = 4; lastKnownFileType = sourcecode.c.h; path = AppearanceConfig.h; sourceTree = "<group>"; };
		CCFBC84D1FEA7B2200DA269C /* AppearanceConfig.m */ = {isa = PBXFileReference; fileEncoding = 4; lastKnownFileType = sourcecode.c.objc; path = AppearanceConfig.m; sourceTree = "<group>"; };
		D31AAD173C824FABA33FF086 /* libRCTCustomInputController.a */ = {isa = PBXFileReference; explicitFileType = undefined; fileEncoding = 9; includeInIndex = 0; lastKnownFileType = archive.ar; path = libRCTCustomInputController.a; sourceTree = "<group>"; };
		D79C0A728E644F5185C19C2E /* libRCTAlipay.a */ = {isa = PBXFileReference; explicitFileType = undefined; fileEncoding = 9; includeInIndex = 0; lastKnownFileType = archive.ar; path = libRCTAlipay.a; sourceTree = "<group>"; };
		D82FE5A0057046799E3592ED /* libRCTUmengAnalytics.a */ = {isa = PBXFileReference; explicitFileType = undefined; fileEncoding = 9; includeInIndex = 0; lastKnownFileType = archive.ar; path = libRCTUmengAnalytics.a; sourceTree = "<group>"; };
/* End PBXFileReference section */

/* Begin PBXFrameworksBuildPhase section */
		00E356EB1AD99517003FC87E /* Frameworks */ = {
			isa = PBXFrameworksBuildPhase;
			buildActionMask = 2147483647;
			files = (
			);
			runOnlyForDeploymentPostprocessing = 0;
		};
		CCA715722019C9DA00A25FB9 /* Frameworks */ = {
			isa = PBXFrameworksBuildPhase;
			buildActionMask = 2147483647;
			files = (
				CCA715742019C9DA00A25FB9 /* TencentOpenAPI.framework in Frameworks */,
				CCA715752019C9DA00A25FB9 /* libz.tbd in Frameworks */,
				CCA715762019C9DA00A25FB9 /* libc++.tbd in Frameworks */,
				CCA715782019C9DA00A25FB9 /* CoreTelephony.framework in Frameworks */,
				CCA7157A2019C9DA00A25FB9 /* libsqlite3.tbd in Frameworks */,
				CCA7157B2019C9DA00A25FB9 /* libiconv.tbd in Frameworks */,
			);
			runOnlyForDeploymentPostprocessing = 0;
		};
		CCCE418C2064A0F000F282E3 /* Frameworks */ = {
			isa = PBXFrameworksBuildPhase;
			buildActionMask = 2147483647;
			files = (
				77A60D1C2318BB6700D48BEF /* libsqlite3.0.tbd in Frameworks */,
				77A60D1A2318BB5100D48BEF /* SystemConfiguration.framework in Frameworks */,
				CC622AAA228561C1004240FE /* JavaScriptCore.framework in Frameworks */,
				CC09E6B7212056AC00327D96 /* QuartzCore.framework in Frameworks */,
				CC09E6B52120569A00327D96 /* CoreText.framework in Frameworks */,
				CC09E6B32120568500327D96 /* CoreMotion.framework in Frameworks */,
				CC09E6B12120567600327D96 /* CFNetwork.framework in Frameworks */,
				CC09E6AF2120566300327D96 /* CoreGraphics.framework in Frameworks */,
				CCCE41912064A0F000F282E3 /* libz.tbd in Frameworks */,
				CCCE41922064A0F000F282E3 /* libc++.tbd in Frameworks */,
				CCCE41942064A0F000F282E3 /* CoreTelephony.framework in Frameworks */,
				CCCE41962064A0F000F282E3 /* libsqlite3.tbd in Frameworks */,
				CCCE41972064A0F000F282E3 /* libiconv.tbd in Frameworks */,
				AEF1A24D380BFD453786DA81 /* libPods-Combo.a in Frameworks */,
				A3F144A730A9F8759D3F1703 /* libPods-Combo.a in Frameworks */,
			);
			runOnlyForDeploymentPostprocessing = 0;
		};
/* End PBXFrameworksBuildPhase section */

/* Begin PBXGroup section */
		00E356EF1AD99517003FC87E /* ComboTests */ = {
			isa = PBXGroup;
			children = (
				00E356F21AD99517003FC87E /* ComboTests.m */,
				00E356F01AD99517003FC87E /* Supporting Files */,
			);
			path = ComboTests;
			sourceTree = "<group>";
		};
		00E356F01AD99517003FC87E /* Supporting Files */ = {
			isa = PBXGroup;
			children = (
				00E356F11AD99517003FC87E /* Info.plist */,
			);
			name = "Supporting Files";
			sourceTree = "<group>";
		};
		115E0148E2FB61C13FFE9539 /* Frameworks */ = {
			isa = PBXGroup;
			children = (
				77A60D1B2318BB6700D48BEF /* libsqlite3.0.tbd */,
				77A60D192318BB5100D48BEF /* SystemConfiguration.framework */,
				77A60D172318B47000D48BEF /* XCTest.framework */,
				CC287C5622AE650900D67502 /* UMCommon.framework */,
				CC287C5422AE64CA00D67502 /* UMAnalytics.framework */,
				CC622A57228561C1004240FE /* JavaScriptCore.framework */,
				CC09E6B6212056AC00327D96 /* QuartzCore.framework */,
				CC09E6B42120569A00327D96 /* CoreText.framework */,
				CC09E6B22120568500327D96 /* CoreMotion.framework */,
				CC09E6B02120567600327D96 /* CFNetwork.framework */,
				CC09E6AE2120566300327D96 /* CoreGraphics.framework */,
				CC8FE12D20804EDE00413559 /* libPods-Combo.a */,
				CC3E39B31E2624580019B85F /* TencentOpenAPI.framework */,
				CC3E39AF1E2623400019B85F /* CoreTelephony.framework */,
				CC3E39AB1E2622730019B85F /* libc++.tbd */,
				CC3E39A91E2622690019B85F /* libz.tbd */,
				CC3E39A71E2622610019B85F /* libsqlite3.tbd */,
				CC3E39A51E2622570019B85F /* libiconv.tbd */,
				80C22219815181E16F163146 /* libPods-Combo.a */,
			);
			name = Frameworks;
			sourceTree = "<group>";
		};
		13B07FAE1A68108700A75B9A /* Combo */ = {
			isa = PBXGroup;
			children = (
				77821593248E0AA100AF3F2F /* Images */,
				CCB9FFCA21A402AA005BD7C5 /* Util */,
				CCFBC84B1FEA7B2200DA269C /* Config */,
				CC01F7A51FD6826F00A18EFD /* Source */,
				CC4548E71E03FBAC00A6CE93 /* Combo.entitlements */,
				CCFBC8061FEA79D000DA269C /* InfoPlist.strings */,
				008F07F21AC5B25A0029DE68 /* main.jsbundle */,
				13B07FAF1A68108700A75B9A /* AppDelegate.h */,
				13B07FB01A68108700A75B9A /* AppDelegate.m */,
				13B07FB51A68108700A75B9A /* Images.xcassets */,
				13B07FB61A68108700A75B9A /* Info.plist */,
				13B07FB11A68108700A75B9A /* LaunchScreen.xib */,
				13B07FB71A68108700A75B9A /* main.m */,
			);
			name = Combo;
			sourceTree = "<group>";
		};
		14D76F37BE6FB929EF410EB7 /* Pods */ = {
			isa = PBXGroup;
			children = (
				B1E9DCDE33C8CFF684294C89 /* Pods-Combo.debug.xcconfig */,
				2C9F3BAC5C429BBF1691A487 /* Pods-Combo.release.xcconfig */,
				1885572350E87AB4C4FD7AC4 /* Pods-Combo.staging.xcconfig */,
			);
			name = Pods;
			sourceTree = "<group>";
		};
		75ECA9F6022C47239496F9FF /* Resources */ = {
			isa = PBXGroup;
			children = (
			);
			name = Resources;
			sourceTree = "<group>";
		};
		77821593248E0AA100AF3F2F /* Images */ = {
			isa = PBXGroup;
			children = (
				77821595248E0AAB00AF3F2F /* logo-horizontal@2x.png */,
				77821594248E0AAB00AF3F2F /* logo-horizontal@3x.png */,
			);
			name = Images;
			path = ../Images;
			sourceTree = "<group>";
		};
		83CBB9F61A601CBA00E9B192 = {
			isa = PBXGroup;
			children = (
				13B07FAE1A68108700A75B9A /* Combo */,
				00E356EF1AD99517003FC87E /* ComboTests */,
				83CBBA001A601CBA00E9B192 /* Products */,
				14D76F37BE6FB929EF410EB7 /* Pods */,
				115E0148E2FB61C13FFE9539 /* Frameworks */,
				75ECA9F6022C47239496F9FF /* Resources */,
				CC55A0EA1F7405BF00FA409B /* Recovered References */,
				CCEE17B3DF7C46A491B494DA /* Libraries */,
			);
			indentWidth = 2;
			sourceTree = "<group>";
			tabWidth = 2;
		};
		83CBBA001A601CBA00E9B192 /* Products */ = {
			isa = PBXGroup;
			children = (
				00E356EE1AD99517003FC87E /* ComboTests.xctest */,
				CCA715A52019C9DA00A25FB9 /* ComboEp.app */,
				CCCE41C22064A0F000F282E3 /* Combo.app */,
			);
			name = Products;
			sourceTree = "<group>";
		};
		CC01F7A51FD6826F00A18EFD /* Source */ = {
			isa = PBXGroup;
			children = (
				CC01F7D21FD6827C00A18EFD /* tip.mp3 */,
			);
			path = Source;
			sourceTree = "<group>";
		};
		CC55A0EA1F7405BF00FA409B /* Recovered References */ = {
			isa = PBXGroup;
			children = (
				858A1DA5B94F48AA98B5A47F /* libRNDeviceInfo.a */,
				03425A176E554E0CA0F9D1AB /* libRNImagePicker.a */,
				8D5A78FFFBE64862911175F2 /* libRCTWeChat.a */,
				7BA8997293374A3AA7C33A33 /* libRNBlur.a */,
				65803600DE744D58A3F6D5A0 /* libLRDRCTSimpleToast.a */,
				D31AAD173C824FABA33FF086 /* libRCTCustomInputController.a */,
				1770132A42DF4BA8AA918694 /* libKeyboardTrackingView.a */,
				1213E52D387B4E92BC2FBA92 /* libRCTQQAPI.a */,
				84F75574203C4AA595167C53 /* libRNKeychain.a */,
				0DE946A314CE4BD5B8DD70B6 /* libBVLinearGradient.a */,
				170D291B78714F1B8CCED218 /* libAutoGrowTextInput.a */,
				6726C820089B4C888439340C /* libRNFS.a */,
				CB7EB1D4DEBF4314A1710F4E /* libReactNativeKeyboardManager.a */,
				92F6A1F4EE004F3B9976D7FE /* libRNRate.a */,
				D79C0A728E644F5185C19C2E /* libRCTAlipay.a */,
				2CF171FD312C41BEA3A10D16 /* libRNUpdateApp.a */,
				8C8177F759E54A2886769701 /* libRNI18n.a */,
				6C421093BF46426F94553282 /* libRNVectorIcons.a */,
				3F569424914A47BD869B82DB /* libCodePush.a */,
				3315F86FD8B84EA9BEBA9274 /* libReactNativeExceptionHandler.a */,
				5483F03BFE6D403F82EE857C /* libRCTRestart.a */,
				499ED42862704E9EA54A79B8 /* libRNGestureHandler.a */,
				A21A32F9B5CF4FF19A67FEE9 /* libRNScreens.a */,
				7F51F1B947D24F84BC7182B7 /* libRNCAsyncStorage.a */,
				505CE15320B94E90AEC18FC8 /* libRNCViewpager.a */,
				69E7D30C48234DA5890EFBF9 /* libRNCNetInfo.a */,
				D82FE5A0057046799E3592ED /* libRCTUmengAnalytics.a */,
			);
			name = "Recovered References";
			sourceTree = "<group>";
		};
		CCB9FFCA21A402AA005BD7C5 /* Util */ = {
			isa = PBXGroup;
			children = (
				CCB9FFCC21A40303005BD7C5 /* RNAppUtil.h */,
				CCB9FFCB21A40303005BD7C5 /* RNAppUtil.m */,
			);
			name = Util;
			path = Combo/Util;
			sourceTree = "<group>";
		};
		CCEE17B3DF7C46A491B494DA /* Libraries */ = {
			isa = PBXGroup;
			children = (
			);
			name = Libraries;
			sourceTree = "<group>";
		};
		CCFBC84B1FEA7B2200DA269C /* Config */ = {
			isa = PBXGroup;
			children = (
				CCFBC84C1FEA7B2200DA269C /* AppearanceConfig.h */,
				CCFBC84D1FEA7B2200DA269C /* AppearanceConfig.m */,
			);
			name = Config;
			path = Combo/Config;
			sourceTree = "<group>";
		};
/* End PBXGroup section */

/* Begin PBXNativeTarget section */
		00E356ED1AD99517003FC87E /* ComboTests */ = {
			isa = PBXNativeTarget;
			buildConfigurationList = 00E357021AD99517003FC87E /* Build configuration list for PBXNativeTarget "ComboTests" */;
			buildPhases = (
				00E356EA1AD99517003FC87E /* Sources */,
				00E356EB1AD99517003FC87E /* Frameworks */,
				00E356EC1AD99517003FC87E /* Resources */,
			);
			buildRules = (
			);
			dependencies = (
				CCCE422B2064A30A00F282E3 /* PBXTargetDependency */,
			);
			name = ComboTests;
			productName = ComboTests;
			productReference = 00E356EE1AD99517003FC87E /* ComboTests.xctest */;
			productType = "com.apple.product-type.bundle.unit-test";
		};
		CCA7156C2019C9DA00A25FB9 /* ComboEp */ = {
			isa = PBXNativeTarget;
			buildConfigurationList = CCA715A22019C9DA00A25FB9 /* Build configuration list for PBXNativeTarget "ComboEp" */;
			buildPhases = (
				CCA7156E2019C9DA00A25FB9 /* Sources */,
				CCA715722019C9DA00A25FB9 /* Frameworks */,
				CCA715912019C9DA00A25FB9 /* Resources */,
				CCA7159F2019C9DA00A25FB9 /* Bundle React Native code and images */,
				CC2CCE2D205BC65A00627D3A /* ShellScript */,
			);
			buildRules = (
			);
			dependencies = (
			);
			name = ComboEp;
			productName = "Hello World";
			productReference = CCA715A52019C9DA00A25FB9 /* ComboEp.app */;
			productType = "com.apple.product-type.application";
		};
		CCCE41862064A0F000F282E3 /* Combo */ = {
			isa = PBXNativeTarget;
			buildConfigurationList = CCCE41BF2064A0F000F282E3 /* Build configuration list for PBXNativeTarget "Combo" */;
			buildPhases = (
				CCCE41872064A0F000F282E3 /* [CP] Check Pods Manifest.lock */,
				CCCE41882064A0F000F282E3 /* Sources */,
				CCCE418C2064A0F000F282E3 /* Frameworks */,
				CCCE41AD2064A0F000F282E3 /* Resources */,
				CCCE41BB2064A0F000F282E3 /* Bundle React Native code and images */,
				AE43CB8B07860A8DD8EFCDB7 /* [CP] Embed Pods Frameworks */,
				DC3AFC021B320CCE97E9EEF3 /* Embed App Extensions */,
				CC3C8E3D22C0CC09009B89B2 /* ShellScript */,
				62991423853992130A7E27F2 /* [CP] Copy Pods Resources */,
				77A60D162318B26600D48BEF /* Start Pakage */,
				77F3ECE623CEDC5000C54DBF /* Set Version */,
			);
			buildRules = (
			);
			dependencies = (
				0747B1A95F4F3246C0E1F907 /* PBXTargetDependency */,
			);
			name = Combo;
			productName = "Hello World";
			productReference = CCCE41C22064A0F000F282E3 /* Combo.app */;
			productType = "com.apple.product-type.application";
		};
/* End PBXNativeTarget section */

/* Begin PBXProject section */
		83CBB9F71A601CBA00E9B192 /* Project object */ = {
			isa = PBXProject;
			attributes = {
				LastUpgradeCheck = 940;
				ORGANIZATIONNAME = Facebook;
				TargetAttributes = {
					00E356ED1AD99517003FC87E = {
						CreatedOnToolsVersion = 6.2;
						ProvisioningStyle = Automatic;
						TestTargetID = CCCE41862064A0F000F282E3;
					};
					CCA7156C2019C9DA00A25FB9 = {
						DevelopmentTeam = K337TT4UYE;
						ProvisioningStyle = Automatic;
					};
					CCCE41862064A0F000F282E3 = {
						DevelopmentTeam = G54H3R6236;
						ProvisioningStyle = Automatic;
						SystemCapabilities = {
							com.apple.Keychain = {
								enabled = 1;
							};
							com.apple.SafariKeychain = {
								enabled = 1;
							};
							com.apple.Siri = {
								enabled = 0;
							};
						};
					};
				};
			};
			buildConfigurationList = 83CBB9FA1A601CBA00E9B192 /* Build configuration list for PBXProject "Combo" */;
			compatibilityVersion = "Xcode 3.2";
			developmentRegion = English;
			hasScannedForEncodings = 0;
			knownRegions = (
				English,
				en,
				Base,
				"zh-Hans",
			);
			mainGroup = 83CBB9F61A601CBA00E9B192;
			productRefGroup = 83CBBA001A601CBA00E9B192 /* Products */;
			projectDirPath = "";
			projectRoot = "";
			targets = (
				CCCE41862064A0F000F282E3 /* Combo */,
				00E356ED1AD99517003FC87E /* ComboTests */,
				CCA7156C2019C9DA00A25FB9 /* ComboEp */,
			);
		};
/* End PBXProject section */

/* Begin PBXResourcesBuildPhase section */
		00E356EC1AD99517003FC87E /* Resources */ = {
			isa = PBXResourcesBuildPhase;
			buildActionMask = 2147483647;
			files = (
			);
			runOnlyForDeploymentPostprocessing = 0;
		};
		CCA715912019C9DA00A25FB9 /* Resources */ = {
			isa = PBXResourcesBuildPhase;
			buildActionMask = 2147483647;
			files = (
				CCA715922019C9DA00A25FB9 /* Images.xcassets in Resources */,
				CCA715932019C9DA00A25FB9 /* InfoPlist.strings in Resources */,
				CCA715942019C9DA00A25FB9 /* LaunchScreen.xib in Resources */,
				CCA7159D2019C9DA00A25FB9 /* tip.mp3 in Resources */,
			);
			runOnlyForDeploymentPostprocessing = 0;
		};
		CCCE41AD2064A0F000F282E3 /* Resources */ = {
			isa = PBXResourcesBuildPhase;
			buildActionMask = 2147483647;
			files = (
				77821596248E0AAB00AF3F2F /* logo-horizontal@3x.png in Resources */,
				CCCE41AE2064A0F000F282E3 /* Images.xcassets in Resources */,
				CCCE41AF2064A0F000F282E3 /* InfoPlist.strings in Resources */,
				CCCE41B02064A0F000F282E3 /* LaunchScreen.xib in Resources */,
				CCCE41B92064A0F000F282E3 /* tip.mp3 in Resources */,
				77821597248E0AAB00AF3F2F /* logo-horizontal@2x.png in Resources */,
			);
			runOnlyForDeploymentPostprocessing = 0;
		};
/* End PBXResourcesBuildPhase section */

/* Begin PBXShellScriptBuildPhase section */
		62991423853992130A7E27F2 /* [CP] Copy Pods Resources */ = {
			isa = PBXShellScriptBuildPhase;
			buildActionMask = 2147483647;
			files = (
			);
			inputPaths = (
				"${PODS_ROOT}/Target Support Files/Pods-Combo/Pods-Combo-resources.sh",
				"${PODS_ROOT}/IQKeyboardManager/IQKeyboardManager/Resources/IQKeyboardManager.bundle",
				"${PODS_ROOT}/../../node_modules/@0x5e/react-native-alipay/ios/AlipaySDK.bundle",
				"${PODS_ROOT}/../../node_modules/react-native-vector-icons/Fonts/AntDesign.ttf",
				"${PODS_ROOT}/../../node_modules/react-native-vector-icons/Fonts/Entypo.ttf",
				"${PODS_ROOT}/../../node_modules/react-native-vector-icons/Fonts/EvilIcons.ttf",
				"${PODS_ROOT}/../../node_modules/react-native-vector-icons/Fonts/Feather.ttf",
				"${PODS_ROOT}/../../node_modules/react-native-vector-icons/Fonts/FontAwesome.ttf",
				"${PODS_ROOT}/../../node_modules/react-native-vector-icons/Fonts/FontAwesome5_Brands.ttf",
				"${PODS_ROOT}/../../node_modules/react-native-vector-icons/Fonts/FontAwesome5_Regular.ttf",
				"${PODS_ROOT}/../../node_modules/react-native-vector-icons/Fonts/FontAwesome5_Solid.ttf",
				"${PODS_ROOT}/../../node_modules/react-native-vector-icons/Fonts/Fontisto.ttf",
				"${PODS_ROOT}/../../node_modules/react-native-vector-icons/Fonts/Foundation.ttf",
				"${PODS_ROOT}/../../node_modules/react-native-vector-icons/Fonts/Ionicons.ttf",
				"${PODS_ROOT}/../../node_modules/react-native-vector-icons/Fonts/MaterialCommunityIcons.ttf",
				"${PODS_ROOT}/../../node_modules/react-native-vector-icons/Fonts/MaterialIcons.ttf",
				"${PODS_ROOT}/../../node_modules/react-native-vector-icons/Fonts/Octicons.ttf",
				"${PODS_ROOT}/../../node_modules/react-native-vector-icons/Fonts/SimpleLineIcons.ttf",
				"${PODS_ROOT}/../../node_modules/react-native-vector-icons/Fonts/Zocial.ttf",
				"${PODS_CONFIGURATION_BUILD_DIR}/React-Core/AccessibilityResources.bundle",
			);
			name = "[CP] Copy Pods Resources";
			outputPaths = (
				"${TARGET_BUILD_DIR}/${UNLOCALIZED_RESOURCES_FOLDER_PATH}/IQKeyboardManager.bundle",
				"${TARGET_BUILD_DIR}/${UNLOCALIZED_RESOURCES_FOLDER_PATH}/AlipaySDK.bundle",
				"${TARGET_BUILD_DIR}/${UNLOCALIZED_RESOURCES_FOLDER_PATH}/AntDesign.ttf",
				"${TARGET_BUILD_DIR}/${UNLOCALIZED_RESOURCES_FOLDER_PATH}/Entypo.ttf",
				"${TARGET_BUILD_DIR}/${UNLOCALIZED_RESOURCES_FOLDER_PATH}/EvilIcons.ttf",
				"${TARGET_BUILD_DIR}/${UNLOCALIZED_RESOURCES_FOLDER_PATH}/Feather.ttf",
				"${TARGET_BUILD_DIR}/${UNLOCALIZED_RESOURCES_FOLDER_PATH}/FontAwesome.ttf",
				"${TARGET_BUILD_DIR}/${UNLOCALIZED_RESOURCES_FOLDER_PATH}/FontAwesome5_Brands.ttf",
				"${TARGET_BUILD_DIR}/${UNLOCALIZED_RESOURCES_FOLDER_PATH}/FontAwesome5_Regular.ttf",
				"${TARGET_BUILD_DIR}/${UNLOCALIZED_RESOURCES_FOLDER_PATH}/FontAwesome5_Solid.ttf",
				"${TARGET_BUILD_DIR}/${UNLOCALIZED_RESOURCES_FOLDER_PATH}/Fontisto.ttf",
				"${TARGET_BUILD_DIR}/${UNLOCALIZED_RESOURCES_FOLDER_PATH}/Foundation.ttf",
				"${TARGET_BUILD_DIR}/${UNLOCALIZED_RESOURCES_FOLDER_PATH}/Ionicons.ttf",
				"${TARGET_BUILD_DIR}/${UNLOCALIZED_RESOURCES_FOLDER_PATH}/MaterialCommunityIcons.ttf",
				"${TARGET_BUILD_DIR}/${UNLOCALIZED_RESOURCES_FOLDER_PATH}/MaterialIcons.ttf",
				"${TARGET_BUILD_DIR}/${UNLOCALIZED_RESOURCES_FOLDER_PATH}/Octicons.ttf",
				"${TARGET_BUILD_DIR}/${UNLOCALIZED_RESOURCES_FOLDER_PATH}/SimpleLineIcons.ttf",
				"${TARGET_BUILD_DIR}/${UNLOCALIZED_RESOURCES_FOLDER_PATH}/Zocial.ttf",
				"${TARGET_BUILD_DIR}/${UNLOCALIZED_RESOURCES_FOLDER_PATH}/AccessibilityResources.bundle",
			);
			runOnlyForDeploymentPostprocessing = 0;
			shellPath = /bin/sh;
			shellScript = "\"${PODS_ROOT}/Target Support Files/Pods-Combo/Pods-Combo-resources.sh\"\n";
			showEnvVarsInLog = 0;
		};
		77A60D162318B26600D48BEF /* Start Pakage */ = {
			isa = PBXShellScriptBuildPhase;
			buildActionMask = 2147483647;
			files = (
			);
			inputFileListPaths = (
			);
			inputPaths = (
			);
			name = "Start Pakage";
			outputFileListPaths = (
			);
			outputPaths = (
			);
			runOnlyForDeploymentPostprocessing = 0;
			shellPath = /bin/sh;
			shellScript = "export RCT_METRO_PORT=\"${RCT_METRO_PORT:=8081}\"\necho \"export RCT_METRO_PORT=${RCT_METRO_PORT}\" > \"${SRCROOT}/../node_modules/react-native/scripts/.packager.env\"\nif [ -z \"${RCT_NO_LAUNCH_PACKAGER+xxx}\" ] ; then\nif nc -w 5 -z localhost ${RCT_METRO_PORT} ; then\nif ! curl -s \"http://localhost:${RCT_METRO_PORT}/status\" | grep -q \"packager-status:running\" ; then\necho \"Port ${RCT_METRO_PORT} already in use, packager is either not running or not running correctly\"\nexit 2\nfi\nelse\nopen \"$SRCROOT/../node_modules/react-native/scripts/launchPackager.command\" || echo \"Can't start packager automatically\"\nfi\nfi\n";
		};
		77F3ECE623CEDC5000C54DBF /* Set Version */ = {
			isa = PBXShellScriptBuildPhase;
			buildActionMask = 2147483647;
			files = (
			);
			inputFileListPaths = (
			);
			inputPaths = (
			);
			name = "Set Version";
			outputFileListPaths = (
			);
			outputPaths = (
			);
			runOnlyForDeploymentPostprocessing = 0;
			shellPath = /bin/sh;
			shellScript = "PACKAGE_VERSION=$(cat ../app.json | grep version | head -1 | awk -F: '{ print $2 }' | sed 's/[\\\",]//g' | tr -d '[[:space:]]')\n\n/usr/libexec/PlistBuddy -c \"Set :CFBundleShortVersionString $PACKAGE_VERSION\" \"${PROJECT_DIR}/${INFOPLIST_FILE}\"\n";
		};
		AE43CB8B07860A8DD8EFCDB7 /* [CP] Embed Pods Frameworks */ = {
			isa = PBXShellScriptBuildPhase;
			buildActionMask = 2147483647;
			files = (
			);
			inputPaths = (
				"${PODS_ROOT}/Target Support Files/Pods-Combo/Pods-Combo-frameworks.sh",
				"${PODS_ROOT}/LookinServer/LookinServer.framework",
			);
			name = "[CP] Embed Pods Frameworks";
			outputPaths = (
				"${TARGET_BUILD_DIR}/${FRAMEWORKS_FOLDER_PATH}/LookinServer.framework",
			);
			runOnlyForDeploymentPostprocessing = 0;
			shellPath = /bin/sh;
			shellScript = "\"${PODS_ROOT}/Target Support Files/Pods-Combo/Pods-Combo-frameworks.sh\"\n";
			showEnvVarsInLog = 0;
		};
		CC2CCE2D205BC65A00627D3A /* ShellScript */ = {
			isa = PBXShellScriptBuildPhase;
			buildActionMask = 2147483647;
			files = (
			);
			inputPaths = (
			);
			outputPaths = (
			);
			runOnlyForDeploymentPostprocessing = 0;
			shellPath = /bin/sh;
			shellScript = "xcrun agvtool next-version -all\n";
		};
		CC3C8E3D22C0CC09009B89B2 /* ShellScript */ = {
			isa = PBXShellScriptBuildPhase;
			buildActionMask = 2147483647;
			files = (
			);
			inputFileListPaths = (
			);
			inputPaths = (
			);
			outputFileListPaths = (
			);
			outputPaths = (
			);
			runOnlyForDeploymentPostprocessing = 0;
			shellPath = /bin/sh;
			shellScript = "buildNumber=$(/usr/libexec/PlistBuddy -c \"Print CFBundleVersion\" \"$INFOPLIST_FILE\")\nbuildNumber=$(($buildNumber + 1))\n/usr/libexec/PlistBuddy -c \"Set :CFBundleVersion $buildNumber\" \"$INFOPLIST_FILE\"\n";
		};
		CCA7159F2019C9DA00A25FB9 /* Bundle React Native code and images */ = {
			isa = PBXShellScriptBuildPhase;
			buildActionMask = 2147483647;
			files = (
			);
			inputPaths = (
			);
			name = "Bundle React Native code and images";
			outputPaths = (
			);
			runOnlyForDeploymentPostprocessing = 0;
			shellPath = /bin/sh;
			shellScript = "export NODE_BINARY=node\n../node_modules/react-native/scripts/react-native-xcode.sh\n";
		};
		CCCE41872064A0F000F282E3 /* [CP] Check Pods Manifest.lock */ = {
			isa = PBXShellScriptBuildPhase;
			buildActionMask = 8;
			files = (
			);
			inputPaths = (
				"${PODS_PODFILE_DIR_PATH}/Podfile.lock",
				"${PODS_ROOT}/Manifest.lock",
			);
			name = "[CP] Check Pods Manifest.lock";
			outputPaths = (
				"$(DERIVED_FILE_DIR)/Pods-Combo-checkManifestLockResult.txt",
			);
			runOnlyForDeploymentPostprocessing = 1;
			shellPath = /bin/sh;
			shellScript = "diff \"${PODS_PODFILE_DIR_PATH}/Podfile.lock\" \"${PODS_ROOT}/Manifest.lock\" > /dev/null\nif [ $? != 0 ] ; then\n    # print error to STDERR\n    echo \"error: The sandbox is not in sync with the Podfile.lock. Run 'pod install' or update your CocoaPods installation.\" >&2\n    exit 1\nfi\n# This output is used by Xcode 'outputs' to avoid re-running this script phase.\necho \"SUCCESS\" > \"${SCRIPT_OUTPUT_FILE_0}\"\n";
			showEnvVarsInLog = 0;
		};
		CCCE41BB2064A0F000F282E3 /* Bundle React Native code and images */ = {
			isa = PBXShellScriptBuildPhase;
			buildActionMask = 12;
			files = (
			);
			inputPaths = (
			);
			name = "Bundle React Native code and images";
			outputPaths = (
			);
			runOnlyForDeploymentPostprocessing = 0;
			shellPath = /bin/sh;
			shellScript = "export NODE_BINARY=node\nexport FORCE_BUNDLING=true\n../node_modules/react-native/scripts/react-native-xcode.sh\n";
		};
/* End PBXShellScriptBuildPhase section */

/* Begin PBXSourcesBuildPhase section */
		00E356EA1AD99517003FC87E /* Sources */ = {
			isa = PBXSourcesBuildPhase;
			buildActionMask = 2147483647;
			files = (
				00E356F31AD99517003FC87E /* ComboTests.m in Sources */,
			);
			runOnlyForDeploymentPostprocessing = 0;
		};
		CCA7156E2019C9DA00A25FB9 /* Sources */ = {
			isa = PBXSourcesBuildPhase;
			buildActionMask = 2147483647;
			files = (
				CCA7156F2019C9DA00A25FB9 /* AppDelegate.m in Sources */,
				CCA715702019C9DA00A25FB9 /* main.m in Sources */,
				CCA715712019C9DA00A25FB9 /* AppearanceConfig.m in Sources */,
			);
			runOnlyForDeploymentPostprocessing = 0;
		};
		CCCE41882064A0F000F282E3 /* Sources */ = {
			isa = PBXSourcesBuildPhase;
			buildActionMask = 2147483647;
			files = (
				CCB9FFCD21A40303005BD7C5 /* RNAppUtil.m in Sources */,
				CCCE41892064A0F000F282E3 /* AppDelegate.m in Sources */,
				CCCE418A2064A0F000F282E3 /* main.m in Sources */,
				CCCE418B2064A0F000F282E3 /* AppearanceConfig.m in Sources */,
			);
			runOnlyForDeploymentPostprocessing = 0;
		};
/* End PBXSourcesBuildPhase section */

/* Begin PBXTargetDependency section */
		0747B1A95F4F3246C0E1F907 /* PBXTargetDependency */ = {
			isa = PBXTargetDependency;
			name = TodayWidgetExtension;
		};
		CCCE422B2064A30A00F282E3 /* PBXTargetDependency */ = {
			isa = PBXTargetDependency;
			target = CCCE41862064A0F000F282E3 /* Combo */;
			targetProxy = CCCE422A2064A30A00F282E3 /* PBXContainerItemProxy */;
		};
/* End PBXTargetDependency section */

/* Begin PBXVariantGroup section */
		13B07FB11A68108700A75B9A /* LaunchScreen.xib */ = {
			isa = PBXVariantGroup;
			children = (
				13B07FB21A68108700A75B9A /* Base */,
				CCFBC8331FEA7A3700DA269C /* zh-Hans */,
			);
			name = LaunchScreen.xib;
			path = Combo;
			sourceTree = "<group>";
		};
		CCFBC8061FEA79D000DA269C /* InfoPlist.strings */ = {
			isa = PBXVariantGroup;
			children = (
				CCFBC8051FEA79D000DA269C /* en */,
				CCFBC8341FEA7A3800DA269C /* zh-Hans */,
			);
			name = InfoPlist.strings;
			sourceTree = "<group>";
		};
/* End PBXVariantGroup section */

/* Begin XCBuildConfiguration section */
		00E356F61AD99517003FC87E /* Debug */ = {
			isa = XCBuildConfiguration;
			buildSettings = {
				BUNDLE_LOADER = "$(TEST_HOST)";
				CODE_SIGN_IDENTITY = "iPhone Developer";
				"CODE_SIGN_IDENTITY[sdk=iphoneos*]" = "iPhone Developer";
				CODE_SIGN_STYLE = Automatic;
				DEVELOPMENT_TEAM = "";
				GCC_PREPROCESSOR_DEFINITIONS = (
					"DEBUG=1",
					"$(inherited)",
				);
				INFOPLIST_FILE = ComboTests/Info.plist;
				IPHONEOS_DEPLOYMENT_TARGET = 9.0;
				LD_RUNPATH_SEARCH_PATHS = "$(inherited) @executable_path/Frameworks @loader_path/Frameworks";
				LIBRARY_SEARCH_PATHS = "$(inherited)";
				OTHER_LDFLAGS = "-lc++";
				PRODUCT_BUNDLE_IDENTIFIER = "org.reactjs.native.example.$(PRODUCT_NAME:rfc1034identifier)";
				PRODUCT_NAME = "$(TARGET_NAME)";
				PROVISIONING_PROFILE_SPECIFIER = "";
				TEST_HOST = "$(BUILT_PRODUCTS_DIR)/Combo.app/Combo";
			};
			name = Debug;
		};
		00E356F71AD99517003FC87E /* Release */ = {
			isa = XCBuildConfiguration;
			buildSettings = {
				BUNDLE_LOADER = "$(TEST_HOST)";
				CODE_SIGN_IDENTITY = "iPhone Developer";
				"CODE_SIGN_IDENTITY[sdk=iphoneos*]" = "iPhone Developer";
				CODE_SIGN_STYLE = Automatic;
				COPY_PHASE_STRIP = NO;
				DEVELOPMENT_TEAM = "";
				INFOPLIST_FILE = ComboTests/Info.plist;
				IPHONEOS_DEPLOYMENT_TARGET = 9.0;
				LD_RUNPATH_SEARCH_PATHS = "$(inherited) @executable_path/Frameworks @loader_path/Frameworks";
				LIBRARY_SEARCH_PATHS = "$(inherited)";
				OTHER_LDFLAGS = "-lc++";
				PRODUCT_BUNDLE_IDENTIFIER = "org.reactjs.native.example.$(PRODUCT_NAME:rfc1034identifier)";
				PRODUCT_NAME = "$(TARGET_NAME)";
				PROVISIONING_PROFILE_SPECIFIER = "";
				TEST_HOST = "$(BUILT_PRODUCTS_DIR)/Combo.app/Combo";
			};
			name = Release;
		};
		83CBBA201A601CBA00E9B192 /* Debug */ = {
			isa = XCBuildConfiguration;
			buildSettings = {
				ALWAYS_SEARCH_USER_PATHS = NO;
				CLANG_ANALYZER_LOCALIZABILITY_NONLOCALIZED = YES;
				CLANG_CXX_LANGUAGE_STANDARD = "gnu++0x";
				CLANG_CXX_LIBRARY = "libc++";
				CLANG_ENABLE_MODULES = YES;
				CLANG_ENABLE_OBJC_ARC = YES;
				CLANG_WARN_BLOCK_CAPTURE_AUTORELEASING = YES;
				CLANG_WARN_BOOL_CONVERSION = YES;
				CLANG_WARN_COMMA = YES;
				CLANG_WARN_CONSTANT_CONVERSION = YES;
				CLANG_WARN_DEPRECATED_OBJC_IMPLEMENTATIONS = YES;
				CLANG_WARN_DIRECT_OBJC_ISA_USAGE = YES_ERROR;
				CLANG_WARN_EMPTY_BODY = YES;
				CLANG_WARN_ENUM_CONVERSION = YES;
				CLANG_WARN_INFINITE_RECURSION = YES;
				CLANG_WARN_INT_CONVERSION = YES;
				CLANG_WARN_NON_LITERAL_NULL_CONVERSION = YES;
				CLANG_WARN_OBJC_IMPLICIT_RETAIN_SELF = YES;
				CLANG_WARN_OBJC_LITERAL_CONVERSION = YES;
				CLANG_WARN_OBJC_ROOT_CLASS = YES_ERROR;
				CLANG_WARN_RANGE_LOOP_ANALYSIS = YES;
				CLANG_WARN_STRICT_PROTOTYPES = YES;
				CLANG_WARN_SUSPICIOUS_MOVE = YES;
				CLANG_WARN_UNREACHABLE_CODE = YES;
				CLANG_WARN__DUPLICATE_METHOD_MATCH = YES;
				"CODE_SIGN_IDENTITY[sdk=iphoneos*]" = "iPhone Developer";
				COPY_PHASE_STRIP = NO;
				ENABLE_BITCODE = NO;
				ENABLE_STRICT_OBJC_MSGSEND = YES;
				ENABLE_TESTABILITY = YES;
				GCC_C_LANGUAGE_STANDARD = gnu99;
				GCC_DYNAMIC_NO_PIC = NO;
				GCC_NO_COMMON_BLOCKS = YES;
				GCC_OPTIMIZATION_LEVEL = 0;
				GCC_PREPROCESSOR_DEFINITIONS = (
					"DEBUG=1",
					"$(inherited)",
				);
				GCC_SYMBOLS_PRIVATE_EXTERN = NO;
				GCC_WARN_64_TO_32_BIT_CONVERSION = YES;
				GCC_WARN_ABOUT_RETURN_TYPE = YES_ERROR;
				GCC_WARN_UNDECLARED_SELECTOR = YES;
				GCC_WARN_UNINITIALIZED_AUTOS = YES_AGGRESSIVE;
				GCC_WARN_UNUSED_FUNCTION = YES;
				GCC_WARN_UNUSED_VARIABLE = YES;
				HEADER_SEARCH_PATHS = (
					"$(inherited)",
					/Applications/Xcode.app/Contents/Developer/Toolchains/XcodeDefault.xctoolchain/usr/include,
					"$(SRCROOT)/../node_modules/react-native/React/**",
					"$(SRCROOT)/../node_modules/react-native-device-info/RNDeviceInfo",
					"$(SRCROOT)/../node_modules/react-native-image-picker/ios",
					"$(SRCROOT)/../node_modules/react-native-vector-icons/RNVectorIconsManager",
					"$(SRCROOT)/../node_modules/react-native-qq/ios/RCTQQAPI/**",
					"$(SRCROOT)/../node_modules/react-native-wechat/ios",
					"$(SRCROOT)/../node_modules/react-native-orientation/iOS/RCTOrientation/**",
					"$(SRCROOT)/../node_modules/react-native-splash-screen/ios",
				);
				IPHONEOS_DEPLOYMENT_TARGET = 10.0;
				LD_RUNPATH_SEARCH_PATHS = "/usr/lib/swift $(inherited)";
				LIBRARY_SEARCH_PATHS = (
					"\"$(TOOLCHAIN_DIR)/usr/lib/swift/$(PLATFORM_NAME)\"",
					"\"$(TOOLCHAIN_DIR)/usr/lib/swift-5.0/$(PLATFORM_NAME)\"",
					"\"$(inherited)\"",
				);
				MTL_ENABLE_DEBUG_INFO = YES;
				ONLY_ACTIVE_ARCH = YES;
				SDKROOT = iphoneos;
				SKIP_INSTALL = NO;
			};
			name = Debug;
		};
		83CBBA211A601CBA00E9B192 /* Release */ = {
			isa = XCBuildConfiguration;
			buildSettings = {
				ALWAYS_SEARCH_USER_PATHS = NO;
				CLANG_ANALYZER_LOCALIZABILITY_NONLOCALIZED = YES;
				CLANG_CXX_LANGUAGE_STANDARD = "gnu++0x";
				CLANG_CXX_LIBRARY = "libc++";
				CLANG_ENABLE_MODULES = YES;
				CLANG_ENABLE_OBJC_ARC = YES;
				CLANG_WARN_BLOCK_CAPTURE_AUTORELEASING = YES;
				CLANG_WARN_BOOL_CONVERSION = YES;
				CLANG_WARN_COMMA = YES;
				CLANG_WARN_CONSTANT_CONVERSION = YES;
				CLANG_WARN_DEPRECATED_OBJC_IMPLEMENTATIONS = YES;
				CLANG_WARN_DIRECT_OBJC_ISA_USAGE = YES_ERROR;
				CLANG_WARN_EMPTY_BODY = YES;
				CLANG_WARN_ENUM_CONVERSION = YES;
				CLANG_WARN_INFINITE_RECURSION = YES;
				CLANG_WARN_INT_CONVERSION = YES;
				CLANG_WARN_NON_LITERAL_NULL_CONVERSION = YES;
				CLANG_WARN_OBJC_IMPLICIT_RETAIN_SELF = YES;
				CLANG_WARN_OBJC_LITERAL_CONVERSION = YES;
				CLANG_WARN_OBJC_ROOT_CLASS = YES_ERROR;
				CLANG_WARN_RANGE_LOOP_ANALYSIS = YES;
				CLANG_WARN_STRICT_PROTOTYPES = YES;
				CLANG_WARN_SUSPICIOUS_MOVE = YES;
				CLANG_WARN_UNREACHABLE_CODE = YES;
				CLANG_WARN__DUPLICATE_METHOD_MATCH = YES;
				"CODE_SIGN_IDENTITY[sdk=iphoneos*]" = "iPhone Developer";
				COPY_PHASE_STRIP = YES;
				ENABLE_NS_ASSERTIONS = NO;
				ENABLE_STRICT_OBJC_MSGSEND = YES;
				GCC_C_LANGUAGE_STANDARD = gnu99;
				GCC_NO_COMMON_BLOCKS = YES;
				GCC_WARN_64_TO_32_BIT_CONVERSION = YES;
				GCC_WARN_ABOUT_RETURN_TYPE = YES_ERROR;
				GCC_WARN_UNDECLARED_SELECTOR = YES;
				GCC_WARN_UNINITIALIZED_AUTOS = YES_AGGRESSIVE;
				GCC_WARN_UNUSED_FUNCTION = YES;
				GCC_WARN_UNUSED_VARIABLE = YES;
				HEADER_SEARCH_PATHS = (
					"$(inherited)",
					/Applications/Xcode.app/Contents/Developer/Toolchains/XcodeDefault.xctoolchain/usr/include,
					"$(SRCROOT)/../node_modules/react-native/React/**",
					"$(SRCROOT)/../node_modules/react-native-device-info/RNDeviceInfo",
					"$(SRCROOT)/../node_modules/react-native-image-picker/ios",
					"$(SRCROOT)/../node_modules/react-native-vector-icons/RNVectorIconsManager",
					"$(SRCROOT)/../node_modules/react-native-qq/ios/RCTQQAPI/**",
					"$(SRCROOT)/../node_modules/react-native-wechat/ios",
					"$(SRCROOT)/../node_modules/react-native-orientation/iOS/RCTOrientation/**",
					"$(SRCROOT)/../node_modules/react-native-splash-screen/ios",
				);
				IPHONEOS_DEPLOYMENT_TARGET = 10.0;
				LD_RUNPATH_SEARCH_PATHS = "/usr/lib/swift $(inherited)";
				LIBRARY_SEARCH_PATHS = (
					"\"$(TOOLCHAIN_DIR)/usr/lib/swift/$(PLATFORM_NAME)\"",
					"\"$(TOOLCHAIN_DIR)/usr/lib/swift-5.0/$(PLATFORM_NAME)\"",
					"\"$(inherited)\"",
				);
				MTL_ENABLE_DEBUG_INFO = NO;
				SDKROOT = iphoneos;
				SKIP_INSTALL = NO;
				VALIDATE_PRODUCT = YES;
			};
			name = Release;
		};
		CC6BB77E2189337E003DCC59 /* Staging */ = {
			isa = XCBuildConfiguration;
			buildSettings = {
				ALWAYS_SEARCH_USER_PATHS = NO;
				CLANG_ANALYZER_LOCALIZABILITY_NONLOCALIZED = YES;
				CLANG_CXX_LANGUAGE_STANDARD = "gnu++0x";
				CLANG_CXX_LIBRARY = "libc++";
				CLANG_ENABLE_MODULES = YES;
				CLANG_ENABLE_OBJC_ARC = YES;
				CLANG_WARN_BLOCK_CAPTURE_AUTORELEASING = YES;
				CLANG_WARN_BOOL_CONVERSION = YES;
				CLANG_WARN_COMMA = YES;
				CLANG_WARN_CONSTANT_CONVERSION = YES;
				CLANG_WARN_DEPRECATED_OBJC_IMPLEMENTATIONS = YES;
				CLANG_WARN_DIRECT_OBJC_ISA_USAGE = YES_ERROR;
				CLANG_WARN_EMPTY_BODY = YES;
				CLANG_WARN_ENUM_CONVERSION = YES;
				CLANG_WARN_INFINITE_RECURSION = YES;
				CLANG_WARN_INT_CONVERSION = YES;
				CLANG_WARN_NON_LITERAL_NULL_CONVERSION = YES;
				CLANG_WARN_OBJC_IMPLICIT_RETAIN_SELF = YES;
				CLANG_WARN_OBJC_LITERAL_CONVERSION = YES;
				CLANG_WARN_OBJC_ROOT_CLASS = YES_ERROR;
				CLANG_WARN_RANGE_LOOP_ANALYSIS = YES;
				CLANG_WARN_STRICT_PROTOTYPES = YES;
				CLANG_WARN_SUSPICIOUS_MOVE = YES;
				CLANG_WARN_UNREACHABLE_CODE = YES;
				CLANG_WARN__DUPLICATE_METHOD_MATCH = YES;
				"CODE_SIGN_IDENTITY[sdk=iphoneos*]" = "iPhone Developer";
				CONFIGURATION_BUILD_DIR = "$(BUILD_DIR)/Release$(EFFECTIVE_PLATFORM_NAME)";
				COPY_PHASE_STRIP = YES;
				ENABLE_NS_ASSERTIONS = NO;
				ENABLE_STRICT_OBJC_MSGSEND = YES;
				GCC_C_LANGUAGE_STANDARD = gnu99;
				GCC_NO_COMMON_BLOCKS = YES;
				GCC_WARN_64_TO_32_BIT_CONVERSION = YES;
				GCC_WARN_ABOUT_RETURN_TYPE = YES_ERROR;
				GCC_WARN_UNDECLARED_SELECTOR = YES;
				GCC_WARN_UNINITIALIZED_AUTOS = YES_AGGRESSIVE;
				GCC_WARN_UNUSED_FUNCTION = YES;
				GCC_WARN_UNUSED_VARIABLE = YES;
				HEADER_SEARCH_PATHS = (
					"$(inherited)",
					/Applications/Xcode.app/Contents/Developer/Toolchains/XcodeDefault.xctoolchain/usr/include,
					"$(SRCROOT)/../node_modules/react-native/React/**",
					"$(SRCROOT)/../node_modules/react-native-device-info/RNDeviceInfo",
					"$(SRCROOT)/../node_modules/react-native-image-picker/ios",
					"$(SRCROOT)/../node_modules/react-native-vector-icons/RNVectorIconsManager",
					"$(SRCROOT)/../node_modules/react-native-qq/ios/RCTQQAPI/**",
					"$(SRCROOT)/../node_modules/react-native-wechat/ios",
					"$(SRCROOT)/../node_modules/react-native-orientation/iOS/RCTOrientation/**",
					"$(SRCROOT)/../node_modules/react-native-splash-screen/ios",
				);
				IPHONEOS_DEPLOYMENT_TARGET = 10.0;
				LD_RUNPATH_SEARCH_PATHS = "/usr/lib/swift $(inherited)";
				LIBRARY_SEARCH_PATHS = (
					"\"$(TOOLCHAIN_DIR)/usr/lib/swift/$(PLATFORM_NAME)\"",
					"\"$(TOOLCHAIN_DIR)/usr/lib/swift-5.0/$(PLATFORM_NAME)\"",
					"\"$(inherited)\"",
				);
				MTL_ENABLE_DEBUG_INFO = NO;
				SDKROOT = iphoneos;
				SKIP_INSTALL = NO;
				VALIDATE_PRODUCT = YES;
			};
			name = Staging;
		};
		CC6BB77F2189337E003DCC59 /* Staging */ = {
			isa = XCBuildConfiguration;
			baseConfigurationReference = 1885572350E87AB4C4FD7AC4 /* Pods-Combo.staging.xcconfig */;
			buildSettings = {
				ASSETCATALOG_COMPILER_APPICON_NAME = AppIcon;
				CODEPUSH_KEY = "dYiyEr21MfAgpoPlHI9ZvVqA6tncHJ-doats7";
				CODE_SIGN_ENTITLEMENTS = Combo/Combo.entitlements;
				CODE_SIGN_IDENTITY = "iPhone Developer";
				"CODE_SIGN_IDENTITY[sdk=iphoneos*]" = "iPhone Developer";
				CODE_SIGN_STYLE = Automatic;
				CURRENT_PROJECT_VERSION = 243;
				DEVELOPMENT_TEAM = G54H3R6236;
				FRAMEWORK_SEARCH_PATHS = "$(inherited)";
				HEADER_SEARCH_PATHS = (
					"$(inherited)",
					/Applications/Xcode.app/Contents/Developer/Toolchains/XcodeDefault.xctoolchain/usr/include,
					"$(SRCROOT)/../node_modules/react-native/React/**",
					"$(SRCROOT)/../node_modules/react-native-device-info/RNDeviceInfo",
					"$(SRCROOT)/../node_modules/react-native-image-picker/ios",
					"$(SRCROOT)/../node_modules/react-native/Libraries/PushNotificationIOS/**",
					"$(SRCROOT)/../node_modules/react-native-wechat/ios",
					"$(SRCROOT)/../node_modules/react-native-blur/ios",
					"$(SRCROOT)/../node_modules/react-native-simple-toast/ios/LRDRCTSimpleToast",
					"$(SRCROOT)/../node_modules/react-native-keyboard-input/lib/ios/**",
					"$(SRCROOT)/../node_modules/react-native-keyboard-tracking-view/lib",
					"$(SRCROOT)/../node_modules/react-native-qq/ios/RCTQQAPI/**",
					"$(SRCROOT)/../node_modules/react-native-keychain/RNKeychainManager",
					"$(SRCROOT)/../node_modules/react-native-linear-gradient/BVLinearGradient",
					"$(SRCROOT)/../node_modules/react-native-autogrow-textinput/ios",
					"$(SRCROOT)/../node_modules/react-native-fs/**",
					"$(SRCROOT)/../node_modules/react-native-keyboard-manager/ios/**",
					"$(SRCROOT)/../node_modules/react-native-splash-screen/ios/**",
					"$(SRCROOT)/../node_modules/react-native-rate/ios",
					"$(SRCROOT)/../node_modules/@0x5e/react-native-alipay/ios/**",
					"$(SRCROOT)/../node_modules/react-native-update-app/ios",
					"$(SRCROOT)/../node_modules/react-native-i18n/ios",
					"$(SRCROOT)/../node_modules/react-native-vector-icons/RNVectorIconsManager",
					"$(SRCROOT)/../node_modules/react-native-code-push/ios/CodePush/**",
					"$(SRCROOT)/../node_modules/react-native-exception-handler/ios",
					"$(SRCROOT)/../node_modules/react-native-restart/ios/RCTRestart/**",
					"$(SRCROOT)/../node_modules/react-native-gesture-handler/ios/**",
					"$(SRCROOT)/../node_modules/react-native-screens/ios",
					"$(SRCROOT)/../node_modules/@react-native-community/async-storage/ios",
					"$(SRCROOT)/../node_modules/@react-native-community/viewpager/ios",
					"$(SRCROOT)/../node_modules/@react-native-community/netinfo/ios",
					"$(SRCROOT)/../node_modules/react-native-umeng-analytics/ios/RCTUmengAnalytics/**",
					"$(SRCROOT)/../node_modules/react-native-fast-image/ios/FastImage/**",
					"$(SRCROOT)/../node_modules/react-native-umeng-analytics/ios/RCTUmengAnalytics/**",
					"$(SRCROOT)/../node_modules/react-native-umeng-analytics/ios/RCTUmengAnalytics/**",
					"$(SRCROOT)/../node_modules/react-native-umeng-analytics/ios/RCTUmengAnalytics/**",
				);
				INFOPLIST_FILE = Combo/Info.plist;
				LD_RUNPATH_SEARCH_PATHS = "$(inherited) @executable_path/Frameworks";
				LIBRARY_SEARCH_PATHS = "$(inherited)";
				MARKETING_VERSION = 1.4.2;
				OTHER_CFLAGS = (
					"$(inherited)",
					"-isystem",
					"\"${PODS_ROOT}/Headers/Public\"",
					"-isystem",
					"\"${PODS_ROOT}/Headers/Public/Toast\"",
					"-isystem",
					"\"$(SRCROOT)/../node_modules/react-native-qq/ios/RCTQQAPI\"",
				);
				OTHER_LDFLAGS = (
					"$(inherited)",
					"-ObjC",
					"-lc++",
					"-framework",
					"\"TencentOpenAPI\"",
				);
				PRODUCT_BUNDLE_IDENTIFIER = com.rn.combo;
				PRODUCT_NAME = "$(TARGET_NAME)";
				PROVISIONING_PROFILE = "";
				PROVISIONING_PROFILE_SPECIFIER = "";
				SKIP_INSTALL = NO;
				SWIFT_VERSION = 5.0;
				TARGETED_DEVICE_FAMILY = "1,2";
				VERSIONING_SYSTEM = "apple-generic";
			};
			name = Staging;
		};
		CC6BB7802189337E003DCC59 /* Staging */ = {
			isa = XCBuildConfiguration;
			buildSettings = {
				BUNDLE_LOADER = "$(TEST_HOST)";
				CODE_SIGN_IDENTITY = "iPhone Developer";
				"CODE_SIGN_IDENTITY[sdk=iphoneos*]" = "iPhone Developer";
				CODE_SIGN_STYLE = Automatic;
				COPY_PHASE_STRIP = NO;
				DEVELOPMENT_TEAM = "";
				INFOPLIST_FILE = ComboTests/Info.plist;
				IPHONEOS_DEPLOYMENT_TARGET = 9.0;
				LD_RUNPATH_SEARCH_PATHS = "$(inherited) @executable_path/Frameworks @loader_path/Frameworks";
				LIBRARY_SEARCH_PATHS = "$(inherited)";
				OTHER_LDFLAGS = "-lc++";
				PRODUCT_BUNDLE_IDENTIFIER = "org.reactjs.native.example.$(PRODUCT_NAME:rfc1034identifier)";
				PRODUCT_NAME = "$(TARGET_NAME)";
				PROVISIONING_PROFILE_SPECIFIER = "";
				TEST_HOST = "$(BUILT_PRODUCTS_DIR)/Combo.app/Combo";
			};
			name = Staging;
		};
		CC6BB7812189337E003DCC59 /* Staging */ = {
			isa = XCBuildConfiguration;
			buildSettings = {
				ASSETCATALOG_COMPILER_APPICON_NAME = AppIcon;
				CODE_SIGN_ENTITLEMENTS = Combo/Combo.entitlements;
				"CODE_SIGN_IDENTITY[sdk=iphoneos*]" = "iPhone Developer";
				CODE_SIGN_STYLE = Automatic;
				CURRENT_PROJECT_VERSION = 243;
				DEVELOPMENT_TEAM = K337TT4UYE;
				FRAMEWORK_SEARCH_PATHS = "$(SRCROOT)/../node_modules/react-native-qq/ios/RCTQQAPI/**";
				HEADER_SEARCH_PATHS = (
					"$(inherited)",
					/Applications/Xcode.app/Contents/Developer/Toolchains/XcodeDefault.xctoolchain/usr/include,
					"$(SRCROOT)/../node_modules/react-native/React/**",
					"$(SRCROOT)/../node_modules/react-native-device-info/RNDeviceInfo",
					"$(SRCROOT)/../node_modules/react-native-image-picker/ios",
					"$(SRCROOT)/../node_modules/react-native/Libraries/PushNotificationIOS/**",
					"$(SRCROOT)/../node_modules/react-native-wechat/ios",
					"$(SRCROOT)/../node_modules/react-native-blur/ios",
					"$(SRCROOT)/../node_modules/react-native-simple-toast/ios/LRDRCTSimpleToast",
					"$(SRCROOT)/../node_modules/react-native-keyboard-input/lib/ios/**",
					"$(SRCROOT)/../node_modules/react-native-keyboard-tracking-view/lib",
					"$(SRCROOT)/../node_modules/react-native-qq/ios/RCTQQAPI/**",
					"$(SRCROOT)/../node_modules/react-native-keychain/RNKeychainManager",
					"$(SRCROOT)/../node_modules/react-native-linear-gradient/BVLinearGradient",
					"$(SRCROOT)/../node_modules/react-native-autogrow-textinput/ios",
					"$(SRCROOT)/../node_modules/react-native-fs/**",
					"$(SRCROOT)/../node_modules/react-native-keyboard-manager/ios/**",
					"$(SRCROOT)/../node_modules/react-native-rate/ios",
					"$(SRCROOT)/../node_modules/@0x5e/react-native-alipay/ios/**",
					"$(SRCROOT)/../node_modules/react-native-update-app/ios",
					"$(SRCROOT)/../node_modules/react-native-i18n/ios",
					"$(SRCROOT)/../node_modules/react-native-vector-icons/RNVectorIconsManager",
					"$(SRCROOT)/../node_modules/react-native-code-push/ios/CodePush/**",
					"$(SRCROOT)/../node_modules/react-native-exception-handler/ios",
					"$(SRCROOT)/../node_modules/react-native-restart/ios/RCTRestart/**",
					"$(SRCROOT)/../node_modules/react-native-gesture-handler/ios/**",
					"$(SRCROOT)/../node_modules/react-native-screens/ios",
					"$(SRCROOT)/../node_modules/@react-native-community/async-storage/ios",
					"$(SRCROOT)/../node_modules/@react-native-community/viewpager/ios",
					"$(SRCROOT)/../node_modules/@react-native-community/netinfo/ios",
					"$(SRCROOT)/../node_modules/react-native-umeng-analytics/ios/RCTUmengAnalytics/**",
					"$(SRCROOT)/../node_modules/react-native-fast-image/ios/FastImage/**",
					"$(SRCROOT)/../node_modules/react-native-umeng-analytics/ios/RCTUmengAnalytics/**",
					"$(SRCROOT)/../node_modules/react-native-umeng-analytics/ios/RCTUmengAnalytics/**",
					"$(SRCROOT)/../node_modules/react-native-umeng-analytics/ios/RCTUmengAnalytics/**",
				);
				INFOPLIST_FILE = Combo/Info.plist;
				LD_RUNPATH_SEARCH_PATHS = "$(inherited) @executable_path/Frameworks";
				LIBRARY_SEARCH_PATHS = "$(inherited)";
				OTHER_CFLAGS = (
					"$(inherited)",
					"-isystem",
					"\"${PODS_ROOT}/Headers/Public\"",
					"-isystem",
					"\"${PODS_ROOT}/Headers/Public/Reveal-iOS-SDK\"",
					"-isystem",
					"\"${PODS_ROOT}/Headers/Public/Toast\"",
					"-isystem",
					"\"$(SRCROOT)/../node_modules/react-native-qq/ios/RCTQQAPI\"",
				);
				OTHER_LDFLAGS = (
					"$(inherited)",
					"-ObjC",
					"-lc++",
					"-framework",
					"\"TencentOpenAPI\"",
				);
				PRODUCT_BUNDLE_IDENTIFIER = com.rn.combo.ep;
				PRODUCT_NAME = "$(TARGET_NAME)";
				PROVISIONING_PROFILE_SPECIFIER = "";
				TARGETED_DEVICE_FAMILY = 1;
				VERSIONING_SYSTEM = "apple-generic";
			};
			name = Staging;
		};
		CCA715A32019C9DA00A25FB9 /* Debug */ = {
			isa = XCBuildConfiguration;
			buildSettings = {
				ASSETCATALOG_COMPILER_APPICON_NAME = AppIcon;
				CODE_SIGN_ENTITLEMENTS = Combo/Combo.entitlements;
				"CODE_SIGN_IDENTITY[sdk=iphoneos*]" = "iPhone Developer";
				CODE_SIGN_STYLE = Automatic;
				CURRENT_PROJECT_VERSION = 243;
				DEAD_CODE_STRIPPING = NO;
				DEVELOPMENT_TEAM = K337TT4UYE;
				FRAMEWORK_SEARCH_PATHS = (
					"$(inherited)",
					"\"${PODS_ROOT}/Reveal-iOS-SDK/Reveal-Framework-iOS-1.6.2\"",
					"$(SRCROOT)/../node_modules/react-native-qq/ios/RCTQQAPI/**",
				);
				HEADER_SEARCH_PATHS = (
					"$(inherited)",
					/Applications/Xcode.app/Contents/Developer/Toolchains/XcodeDefault.xctoolchain/usr/include,
					"$(SRCROOT)/../node_modules/react-native/React/**",
					"$(SRCROOT)/../node_modules/react-native-device-info/RNDeviceInfo",
					"$(SRCROOT)/../node_modules/react-native-image-picker/ios",
					"$(SRCROOT)/../node_modules/react-native/Libraries/PushNotificationIOS/**",
					"$(SRCROOT)/../node_modules/react-native-wechat/ios",
					"$(SRCROOT)/../node_modules/react-native-blur/ios",
					"$(SRCROOT)/../node_modules/react-native-simple-toast/ios/LRDRCTSimpleToast",
					"$(SRCROOT)/../node_modules/react-native-keyboard-input/lib/ios/**",
					"$(SRCROOT)/../node_modules/react-native-keyboard-tracking-view/lib",
					"$(SRCROOT)/../node_modules/react-native-qq/ios/RCTQQAPI/**",
					"$(SRCROOT)/../node_modules/react-native-keychain/RNKeychainManager",
					"$(SRCROOT)/../node_modules/react-native-linear-gradient/BVLinearGradient",
					"$(SRCROOT)/../node_modules/react-native-autogrow-textinput/ios",
					"$(SRCROOT)/../node_modules/react-native-fs/**",
					"$(SRCROOT)/../node_modules/react-native-keyboard-manager/ios/**",
					"$(SRCROOT)/../node_modules/react-native-rate/ios",
					"$(SRCROOT)/../node_modules/@0x5e/react-native-alipay/ios/**",
					"$(SRCROOT)/../node_modules/react-native-update-app/ios",
					"$(SRCROOT)/../node_modules/react-native-i18n/ios",
					"$(SRCROOT)/../node_modules/react-native-vector-icons/RNVectorIconsManager",
					"$(SRCROOT)/../node_modules/react-native-code-push/ios/CodePush/**",
					"$(SRCROOT)/../node_modules/react-native-exception-handler/ios",
					"$(SRCROOT)/../node_modules/react-native-restart/ios/RCTRestart/**",
					"$(SRCROOT)/../node_modules/react-native-gesture-handler/ios/**",
					"$(SRCROOT)/../node_modules/react-native-screens/ios",
					"$(SRCROOT)/../node_modules/@react-native-community/async-storage/ios",
					"$(SRCROOT)/../node_modules/@react-native-community/viewpager/ios",
					"$(SRCROOT)/../node_modules/@react-native-community/netinfo/ios",
					"$(SRCROOT)/../node_modules/react-native-umeng-analytics/ios/RCTUmengAnalytics/**",
					"$(SRCROOT)/../node_modules/react-native-fast-image/ios/FastImage/**",
					"$(SRCROOT)/../node_modules/react-native-umeng-analytics/ios/RCTUmengAnalytics/**",
					"$(SRCROOT)/../node_modules/react-native-umeng-analytics/ios/RCTUmengAnalytics/**",
					"$(SRCROOT)/../node_modules/react-native-umeng-analytics/ios/RCTUmengAnalytics/**",
				);
				INFOPLIST_FILE = Combo/Info.plist;
				LD_RUNPATH_SEARCH_PATHS = "$(inherited) @executable_path/Frameworks";
				LIBRARY_SEARCH_PATHS = "$(inherited)";
				OTHER_CFLAGS = (
					"$(inherited)",
					"-isystem",
					"\"${PODS_ROOT}/Headers/Public\"",
					"-isystem",
					"\"${PODS_ROOT}/Headers/Public/Reveal-iOS-SDK\"",
					"-isystem",
					"\"${PODS_ROOT}/Headers/Public/Toast\"",
					"-isystem",
					"\"$(SRCROOT)/../node_modules/react-native-qq/ios/RCTQQAPI\"",
				);
				OTHER_LDFLAGS = (
					"$(inherited)",
					"-ObjC",
					"-lc++",
					"-framework",
					"\"TencentOpenAPI\"",
				);
				PRODUCT_BUNDLE_IDENTIFIER = com.rn.combo.ep;
				PRODUCT_NAME = "$(TARGET_NAME)";
				PROVISIONING_PROFILE_SPECIFIER = "";
				TARGETED_DEVICE_FAMILY = 1;
				VERSIONING_SYSTEM = "apple-generic";
			};
			name = Debug;
		};
		CCA715A42019C9DA00A25FB9 /* Release */ = {
			isa = XCBuildConfiguration;
			buildSettings = {
				ASSETCATALOG_COMPILER_APPICON_NAME = AppIcon;
				CODE_SIGN_ENTITLEMENTS = Combo/Combo.entitlements;
				"CODE_SIGN_IDENTITY[sdk=iphoneos*]" = "iPhone Developer";
				CODE_SIGN_STYLE = Automatic;
				CURRENT_PROJECT_VERSION = 243;
				DEVELOPMENT_TEAM = K337TT4UYE;
				FRAMEWORK_SEARCH_PATHS = "$(SRCROOT)/../node_modules/react-native-qq/ios/RCTQQAPI/**";
				HEADER_SEARCH_PATHS = (
					"$(inherited)",
					/Applications/Xcode.app/Contents/Developer/Toolchains/XcodeDefault.xctoolchain/usr/include,
					"$(SRCROOT)/../node_modules/react-native/React/**",
					"$(SRCROOT)/../node_modules/react-native-device-info/RNDeviceInfo",
					"$(SRCROOT)/../node_modules/react-native-image-picker/ios",
					"$(SRCROOT)/../node_modules/react-native/Libraries/PushNotificationIOS/**",
					"$(SRCROOT)/../node_modules/react-native-wechat/ios",
					"$(SRCROOT)/../node_modules/react-native-blur/ios",
					"$(SRCROOT)/../node_modules/react-native-simple-toast/ios/LRDRCTSimpleToast",
					"$(SRCROOT)/../node_modules/react-native-keyboard-input/lib/ios/**",
					"$(SRCROOT)/../node_modules/react-native-keyboard-tracking-view/lib",
					"$(SRCROOT)/../node_modules/react-native-qq/ios/RCTQQAPI/**",
					"$(SRCROOT)/../node_modules/react-native-keychain/RNKeychainManager",
					"$(SRCROOT)/../node_modules/react-native-linear-gradient/BVLinearGradient",
					"$(SRCROOT)/../node_modules/react-native-autogrow-textinput/ios",
					"$(SRCROOT)/../node_modules/react-native-fs/**",
					"$(SRCROOT)/../node_modules/react-native-keyboard-manager/ios/**",
					"$(SRCROOT)/../node_modules/react-native-rate/ios",
					"$(SRCROOT)/../node_modules/@0x5e/react-native-alipay/ios/**",
					"$(SRCROOT)/../node_modules/react-native-update-app/ios",
					"$(SRCROOT)/../node_modules/react-native-i18n/ios",
					"$(SRCROOT)/../node_modules/react-native-vector-icons/RNVectorIconsManager",
					"$(SRCROOT)/../node_modules/react-native-code-push/ios/CodePush/**",
					"$(SRCROOT)/../node_modules/react-native-exception-handler/ios",
					"$(SRCROOT)/../node_modules/react-native-restart/ios/RCTRestart/**",
					"$(SRCROOT)/../node_modules/react-native-gesture-handler/ios/**",
					"$(SRCROOT)/../node_modules/react-native-screens/ios",
					"$(SRCROOT)/../node_modules/@react-native-community/async-storage/ios",
					"$(SRCROOT)/../node_modules/@react-native-community/viewpager/ios",
					"$(SRCROOT)/../node_modules/@react-native-community/netinfo/ios",
					"$(SRCROOT)/../node_modules/react-native-umeng-analytics/ios/RCTUmengAnalytics/**",
					"$(SRCROOT)/../node_modules/react-native-fast-image/ios/FastImage/**",
					"$(SRCROOT)/../node_modules/react-native-umeng-analytics/ios/RCTUmengAnalytics/**",
					"$(SRCROOT)/../node_modules/react-native-umeng-analytics/ios/RCTUmengAnalytics/**",
					"$(SRCROOT)/../node_modules/react-native-umeng-analytics/ios/RCTUmengAnalytics/**",
				);
				INFOPLIST_FILE = Combo/Info.plist;
				LD_RUNPATH_SEARCH_PATHS = "$(inherited) @executable_path/Frameworks";
				LIBRARY_SEARCH_PATHS = "$(inherited)";
				OTHER_CFLAGS = (
					"$(inherited)",
					"-isystem",
					"\"${PODS_ROOT}/Headers/Public\"",
					"-isystem",
					"\"${PODS_ROOT}/Headers/Public/Reveal-iOS-SDK\"",
					"-isystem",
					"\"${PODS_ROOT}/Headers/Public/Toast\"",
					"-isystem",
					"\"$(SRCROOT)/../node_modules/react-native-qq/ios/RCTQQAPI\"",
				);
				OTHER_LDFLAGS = (
					"$(inherited)",
					"-ObjC",
					"-lc++",
					"-framework",
					"\"TencentOpenAPI\"",
				);
				PRODUCT_BUNDLE_IDENTIFIER = com.rn.combo.ep;
				PRODUCT_NAME = "$(TARGET_NAME)";
				PROVISIONING_PROFILE_SPECIFIER = "";
				TARGETED_DEVICE_FAMILY = 1;
				VERSIONING_SYSTEM = "apple-generic";
			};
			name = Release;
		};
		CCCE41C02064A0F000F282E3 /* Debug */ = {
			isa = XCBuildConfiguration;
			baseConfigurationReference = B1E9DCDE33C8CFF684294C89 /* Pods-Combo.debug.xcconfig */;
			buildSettings = {
				ASSETCATALOG_COMPILER_APPICON_NAME = AppIcon;
				CODEPUSH_KEY = "";
				CODE_SIGN_ENTITLEMENTS = Combo/Combo.entitlements;
				CODE_SIGN_IDENTITY = "iPhone Developer";
				"CODE_SIGN_IDENTITY[sdk=iphoneos*]" = "iPhone Developer";
				CODE_SIGN_STYLE = Automatic;
				CURRENT_PROJECT_VERSION = 243;
				DEAD_CODE_STRIPPING = YES;
				DEVELOPMENT_TEAM = G54H3R6236;
				FRAMEWORK_SEARCH_PATHS = "$(inherited)";
				GCC_PREPROCESSOR_DEFINITIONS = (
					"$(inherited)",
					"COCOAPODS=1",
					"$(inherited)",
					"FB_SONARKIT_ENABLED=1",
					"SD_WEBP=1",
				);
				HEADER_SEARCH_PATHS = (
					"$(inherited)",
					/Applications/Xcode.app/Contents/Developer/Toolchains/XcodeDefault.xctoolchain/usr/include,
					"$(SRCROOT)/../node_modules/react-native/React/**",
					"$(SRCROOT)/../node_modules/react-native-device-info/RNDeviceInfo",
					"$(SRCROOT)/../node_modules/react-native-image-picker/ios",
					"$(SRCROOT)/../node_modules/react-native/Libraries/PushNotificationIOS/**",
					"$(SRCROOT)/../node_modules/react-native-wechat/ios",
					"$(SRCROOT)/../node_modules/react-native-blur/ios",
					"$(SRCROOT)/../node_modules/react-native-simple-toast/ios/LRDRCTSimpleToast",
					"$(SRCROOT)/../node_modules/react-native-keyboard-input/lib/ios/**",
					"$(SRCROOT)/../node_modules/react-native-keyboard-tracking-view/lib",
					"$(SRCROOT)/../node_modules/react-native-qq/ios/RCTQQAPI/**",
					"$(SRCROOT)/../node_modules/react-native-keychain/RNKeychainManager",
					"$(SRCROOT)/../node_modules/react-native-linear-gradient/BVLinearGradient",
					"$(SRCROOT)/../node_modules/react-native-autogrow-textinput/ios",
					"$(SRCROOT)/../node_modules/react-native-fs/**",
					"$(SRCROOT)/../node_modules/react-native-keyboard-manager/ios/**",
					"$(SRCROOT)/../node_modules/react-native-splash-screen/ios/**",
					"$(SRCROOT)/../node_modules/react-native-rate/ios",
					"$(SRCROOT)/../node_modules/@0x5e/react-native-alipay/ios/**",
					"$(SRCROOT)/../node_modules/react-native-update-app/ios",
					"$(SRCROOT)/../node_modules/react-native-i18n/ios",
					"$(SRCROOT)/../node_modules/react-native-vector-icons/RNVectorIconsManager",
					"$(SRCROOT)/../node_modules/react-native-code-push/ios/CodePush/**",
					"$(SRCROOT)/../node_modules/react-native-exception-handler/ios",
					"$(SRCROOT)/../node_modules/react-native-restart/ios/RCTRestart/**",
					"$(SRCROOT)/../node_modules/react-native-gesture-handler/ios/**",
					"$(SRCROOT)/../node_modules/react-native-screens/ios",
					"$(SRCROOT)/../node_modules/@react-native-community/async-storage/ios",
					"$(SRCROOT)/../node_modules/@react-native-community/viewpager/ios",
					"$(SRCROOT)/../node_modules/@react-native-community/netinfo/ios",
					"$(SRCROOT)/../node_modules/react-native-umeng-analytics/ios/RCTUmengAnalytics/**",
					"$(SRCROOT)/../node_modules/react-native-fast-image/ios/FastImage/**",
					"$(SRCROOT)/../node_modules/react-native-umeng-analytics/ios/RCTUmengAnalytics/**",
					"$(SRCROOT)/../node_modules/react-native-umeng-analytics/ios/RCTUmengAnalytics/**",
					"$(SRCROOT)/../node_modules/react-native-umeng-analytics/ios/RCTUmengAnalytics/**",
				);
				INFOPLIST_FILE = Combo/Info.plist;
				LD_RUNPATH_SEARCH_PATHS = "$(inherited) @executable_path/Frameworks";
				LIBRARY_SEARCH_PATHS = "$(inherited)";
				MARKETING_VERSION = 1.4.2;
				OTHER_CFLAGS = (
					"$(inherited)",
					"-isystem",
					"\"${PODS_ROOT}/Headers/Public\"",
					"-isystem",
					"\"${PODS_ROOT}/Headers/Public/Toast\"",
					"-isystem",
					"\"$(SRCROOT)/../node_modules/react-native-qq/ios/RCTQQAPI\"",
				);
				OTHER_LDFLAGS = (
					"$(inherited)",
					"-ObjC",
					"-lc++",
					"-framework",
					"\"TencentOpenAPI\"",
				);
				PRODUCT_BUNDLE_IDENTIFIER = com.rn.combo;
				PRODUCT_NAME = "$(TARGET_NAME)";
				PROVISIONING_PROFILE = "";
				PROVISIONING_PROFILE_SPECIFIER = "";
				SKIP_INSTALL = NO;
				SWIFT_VERSION = 5.0;
				TARGETED_DEVICE_FAMILY = "1,2";
				VERSIONING_SYSTEM = "apple-generic";
			};
			name = Debug;
		};
		CCCE41C12064A0F000F282E3 /* Release */ = {
			isa = XCBuildConfiguration;
			baseConfigurationReference = 2C9F3BAC5C429BBF1691A487 /* Pods-Combo.release.xcconfig */;
			buildSettings = {
				ASSETCATALOG_COMPILER_APPICON_NAME = AppIcon;
				CODEPUSH_KEY = nZtE6c4Q0UK3WNo7e7PgTLguDPCFBkKrjaYj7;
				CODE_SIGN_ENTITLEMENTS = Combo/Combo.entitlements;
				CODE_SIGN_IDENTITY = "iPhone Developer";
				"CODE_SIGN_IDENTITY[sdk=iphoneos*]" = "iPhone Developer";
				CODE_SIGN_STYLE = Automatic;
				CURRENT_PROJECT_VERSION = 243;
				DEVELOPMENT_TEAM = G54H3R6236;
				FRAMEWORK_SEARCH_PATHS = "$(inherited)";
				HEADER_SEARCH_PATHS = (
					"$(inherited)",
					/Applications/Xcode.app/Contents/Developer/Toolchains/XcodeDefault.xctoolchain/usr/include,
					"$(SRCROOT)/../node_modules/react-native/React/**",
					"$(SRCROOT)/../node_modules/react-native-device-info/RNDeviceInfo",
					"$(SRCROOT)/../node_modules/react-native-image-picker/ios",
					"$(SRCROOT)/../node_modules/react-native/Libraries/PushNotificationIOS/**",
					"$(SRCROOT)/../node_modules/react-native-wechat/ios",
					"$(SRCROOT)/../node_modules/react-native-blur/ios",
					"$(SRCROOT)/../node_modules/react-native-simple-toast/ios/LRDRCTSimpleToast",
					"$(SRCROOT)/../node_modules/react-native-keyboard-input/lib/ios/**",
					"$(SRCROOT)/../node_modules/react-native-keyboard-tracking-view/lib",
					"$(SRCROOT)/../node_modules/react-native-qq/ios/RCTQQAPI/**",
					"$(SRCROOT)/../node_modules/react-native-keychain/RNKeychainManager",
					"$(SRCROOT)/../node_modules/react-native-linear-gradient/BVLinearGradient",
					"$(SRCROOT)/../node_modules/react-native-autogrow-textinput/ios",
					"$(SRCROOT)/../node_modules/react-native-fs/**",
					"$(SRCROOT)/../node_modules/react-native-keyboard-manager/ios/**",
					"$(SRCROOT)/../node_modules/react-native-splash-screen/ios/**",
					"$(SRCROOT)/../node_modules/react-native-rate/ios",
					"$(SRCROOT)/../node_modules/@0x5e/react-native-alipay/ios/**",
					"$(SRCROOT)/../node_modules/react-native-update-app/ios",
					"$(SRCROOT)/../node_modules/react-native-i18n/ios",
					"$(SRCROOT)/../node_modules/react-native-vector-icons/RNVectorIconsManager",
					"$(SRCROOT)/../node_modules/react-native-code-push/ios/CodePush/**",
					"$(SRCROOT)/../node_modules/react-native-exception-handler/ios",
					"$(SRCROOT)/../node_modules/react-native-restart/ios/RCTRestart/**",
					"$(SRCROOT)/../node_modules/react-native-gesture-handler/ios/**",
					"$(SRCROOT)/../node_modules/react-native-screens/ios",
					"$(SRCROOT)/../node_modules/@react-native-community/async-storage/ios",
					"$(SRCROOT)/../node_modules/@react-native-community/viewpager/ios",
					"$(SRCROOT)/../node_modules/@react-native-community/netinfo/ios",
					"$(SRCROOT)/../node_modules/react-native-umeng-analytics/ios/RCTUmengAnalytics/**",
					"$(SRCROOT)/../node_modules/react-native-fast-image/ios/FastImage/**",
					"$(SRCROOT)/../node_modules/react-native-umeng-analytics/ios/RCTUmengAnalytics/**",
					"$(SRCROOT)/../node_modules/react-native-umeng-analytics/ios/RCTUmengAnalytics/**",
					"$(SRCROOT)/../node_modules/react-native-umeng-analytics/ios/RCTUmengAnalytics/**",
				);
				INFOPLIST_FILE = Combo/Info.plist;
				LD_RUNPATH_SEARCH_PATHS = "$(inherited) @executable_path/Frameworks";
				LIBRARY_SEARCH_PATHS = "$(inherited)";
				MARKETING_VERSION = 1.4.2;
				OTHER_CFLAGS = (
					"$(inherited)",
					"-isystem",
					"\"${PODS_ROOT}/Headers/Public\"",
					"-isystem",
					"\"${PODS_ROOT}/Headers/Public/Toast\"",
					"-isystem",
					"\"$(SRCROOT)/../node_modules/react-native-qq/ios/RCTQQAPI\"",
				);
				OTHER_LDFLAGS = (
					"$(inherited)",
					"-ObjC",
					"-lc++",
					"-framework",
					"\"TencentOpenAPI\"",
				);
				PRODUCT_BUNDLE_IDENTIFIER = com.rn.combo;
				PRODUCT_NAME = "$(TARGET_NAME)";
				PROVISIONING_PROFILE = "";
				PROVISIONING_PROFILE_SPECIFIER = "";
				SKIP_INSTALL = NO;
				SWIFT_VERSION = 5.0;
				TARGETED_DEVICE_FAMILY = "1,2";
				VERSIONING_SYSTEM = "apple-generic";
			};
			name = Release;
		};
/* End XCBuildConfiguration section */

/* Begin XCConfigurationList section */
		00E357021AD99517003FC87E /* Build configuration list for PBXNativeTarget "ComboTests" */ = {
			isa = XCConfigurationList;
			buildConfigurations = (
				00E356F61AD99517003FC87E /* Debug */,
				00E356F71AD99517003FC87E /* Release */,
				CC6BB7802189337E003DCC59 /* Staging */,
			);
			defaultConfigurationIsVisible = 0;
			defaultConfigurationName = Release;
		};
		83CBB9FA1A601CBA00E9B192 /* Build configuration list for PBXProject "Combo" */ = {
			isa = XCConfigurationList;
			buildConfigurations = (
				83CBBA201A601CBA00E9B192 /* Debug */,
				83CBBA211A601CBA00E9B192 /* Release */,
				CC6BB77E2189337E003DCC59 /* Staging */,
			);
			defaultConfigurationIsVisible = 0;
			defaultConfigurationName = Release;
		};
		CCA715A22019C9DA00A25FB9 /* Build configuration list for PBXNativeTarget "ComboEp" */ = {
			isa = XCConfigurationList;
			buildConfigurations = (
				CCA715A32019C9DA00A25FB9 /* Debug */,
				CCA715A42019C9DA00A25FB9 /* Release */,
				CC6BB7812189337E003DCC59 /* Staging */,
			);
			defaultConfigurationIsVisible = 0;
			defaultConfigurationName = Release;
		};
		CCCE41BF2064A0F000F282E3 /* Build configuration list for PBXNativeTarget "Combo" */ = {
			isa = XCConfigurationList;
			buildConfigurations = (
				CCCE41C02064A0F000F282E3 /* Debug */,
				CCCE41C12064A0F000F282E3 /* Release */,
				CC6BB77F2189337E003DCC59 /* Staging */,
			);
			defaultConfigurationIsVisible = 0;
			defaultConfigurationName = Release;
		};
/* End XCConfigurationList section */
	};
	rootObject = 83CBB9F71A601CBA00E9B192 /* Project object */;
}
